# THIS IS AN AUTOGENERATED FILE. DO NOT EDIT THIS FILE DIRECTLY.
# yarn lockfile v1


"@headlessui/vue@^1.7.14":
  version "1.7.19"
  resolved "https://registry.yarnpkg.com/@headlessui/vue/-/vue-1.7.19.tgz#c128504afc14c5a85e2bedd59370a6a461b7c669"
  integrity sha512-VFjKPybogux/5/QYGSq4zgG/x3RcxId15W8uguAJAjPBxelI23dwjOjTx/mIiMkM/Hd3rzFxcf2aIp56eEWRcA==
  dependencies:
    "@tanstack/vue-virtual" "^3.0.0-beta.60"

"@popperjs/core@^2.11.2", "@popperjs/core@^2.9.0":
  version "2.11.8"
  resolved "https://registry.yarnpkg.com/@popperjs/core/-/core-2.11.8.tgz#6b79032e760a0899cd4204710beede972a3a185f"
  integrity sha512-P1st0aksCrn9sGZhp8GMYwBnQsbvAWsZAX44oXNNvLHGqAOcoVxmjZiohstwQ7SqKnbR47akdNi+uleWD8+g6A==

"@remirror/core-constants@^2.0.2":
  version "2.0.2"
  resolved "https://registry.yarnpkg.com/@remirror/core-constants/-/core-constants-2.0.2.tgz#f05eccdc69e3a65e7d524b52548f567904a11a1a"
  integrity sha512-dyHY+sMF0ihPus3O27ODd4+agdHMEmuRdyiZJ2CCWjPV5UFmn17ZbElvk6WOGVE4rdCJKZQCrPV2BcikOMLUGQ==

"@remirror/core-helpers@^3.0.0":
  version "3.0.0"
  resolved "https://registry.yarnpkg.com/@remirror/core-helpers/-/core-helpers-3.0.0.tgz#3a35c2346bc23ebc3cee585b7840b5567755c5f1"
  integrity sha512-tusEgQJIqg4qKj6HSBUFcyRnWnziw3neh4T9wOmsPGHFC3w9kl5KSrDb9UAgE8uX6y32FnS7vJ955mWOl3n50A==
  dependencies:
    "@remirror/core-constants" "^2.0.2"
    "@remirror/types" "^1.0.1"
    "@types/object.omit" "^3.0.0"
    "@types/object.pick" "^1.3.2"
    "@types/throttle-debounce" "^2.1.0"
    case-anything "^2.1.13"
    dash-get "^1.0.2"
    deepmerge "^4.3.1"
    fast-deep-equal "^3.1.3"
    make-error "^1.3.6"
    object.omit "^3.0.0"
    object.pick "^1.3.0"
    throttle-debounce "^3.0.1"

"@remirror/types@^1.0.1":
  version "1.0.1"
  resolved "https://registry.yarnpkg.com/@remirror/types/-/types-1.0.1.tgz#768502497a0fbbc23338a1586b893f729310cf70"
  integrity sha512-VlZQxwGnt1jtQ18D6JqdIF+uFZo525WEqrfp9BOc3COPpK4+AWCgdnAWL+ho6imWcoINlGjR/+3b6y5C1vBVEA==
  dependencies:
    type-fest "^2.19.0"

"@socket.io/component-emitter@~3.1.0":
  version "3.1.0"
  resolved "https://registry.yarnpkg.com/@socket.io/component-emitter/-/component-emitter-3.1.0.tgz#96116f2a912e0c02817345b3c10751069920d553"
  integrity sha512-+9jVqKhRSpsc591z5vX+X5Yyw+he/HCB4iQ/RYxw35CEPaY1gnsNE43nf9n9AaYjAQrTiI/mOwKUKdUs9vf7Xg==

"@tailwindcss/forms@^0.5.3":
  version "0.5.7"
  resolved "https://registry.yarnpkg.com/@tailwindcss/forms/-/forms-0.5.7.tgz#db5421f062a757b5f828bc9286ba626c6685e821"
  integrity sha512-QE7X69iQI+ZXwldE+rzasvbJiyV/ju1FGHH0Qn2W3FKbuYtqp8LKcy6iSw79fVUT5/Vvf+0XgLCeYVG+UV6hOw==
  dependencies:
    mini-svg-data-uri "^1.2.3"

"@tailwindcss/typography@^0.5.0":
  version "0.5.10"
  resolved "https://registry.yarnpkg.com/@tailwindcss/typography/-/typography-0.5.10.tgz#2abde4c6d5c797ab49cf47610830a301de4c1e0a"
  integrity sha512-Pe8BuPJQJd3FfRnm6H0ulKIGoMEQS+Vq01R6M5aCrFB/ccR/shT+0kXLjouGC1gFLm9hopTFN+DMP0pfwRWzPw==
  dependencies:
    lodash.castarray "^4.4.0"
    lodash.isplainobject "^4.0.6"
    lodash.merge "^4.6.2"
    postcss-selector-parser "6.0.10"

"@tanstack/virtual-core@3.1.2":
  version "3.1.2"
  resolved "https://registry.yarnpkg.com/@tanstack/virtual-core/-/virtual-core-3.1.2.tgz#ca76f28f826fbd3310f88c3cd355d9c4aba80abb"
  integrity sha512-DATZJs8iejkIUqXZe6ruDAnjFo78BKnIIgqQZrc7CmEFqfLEN/TPD91n4hRfo6hpRB6xC00bwKxv7vdjFNEmOg==

"@tanstack/vue-virtual@^3.0.0-beta.60":
  version "3.1.2"
  resolved "https://registry.yarnpkg.com/@tanstack/vue-virtual/-/vue-virtual-3.1.2.tgz#828270573d94bef32d13aa90b189ac4bbb1d0dc0"
  integrity sha512-RmUnhsFtRw9p4Ti/+rG2Hr3y4yFhs8Xdsn7x9tkPoKINbVya/5RSCoNUCCAg2iXNjOI5a55iBNzNV0SVwxMwKA==
  dependencies:
    "@tanstack/virtual-core" "3.1.2"

"@tiptap/core@^2.2.3":
  version "2.2.3"
  resolved "https://registry.yarnpkg.com/@tiptap/core/-/core-2.2.3.tgz#54375c27bcca81901e5316e056147ce0cbc89ba6"
  integrity sha512-0l3p1/cuaQk8XFf+Ft/ExbUjReGes5Iep7y4nuL/Fzi2S92DZzozY6cosXBHC/Xsqzn6zIkl/gnQTgmTvlmhCQ==

"@tiptap/extension-blockquote@^2.2.3":
  version "2.2.3"
  resolved "https://registry.yarnpkg.com/@tiptap/extension-blockquote/-/extension-blockquote-2.2.3.tgz#0951a321f56c70b3f276e11bd17fa1ff109042e7"
  integrity sha512-gN23d/ADhTOB0YIM4lR0VrVczdyaXpmIVYYWZ45tQEVJzFWRSIScE9m9NaVqtqwEMpYHyTHxLth0OQutZ91sog==

"@tiptap/extension-bold@^2.2.3":
  version "2.2.3"
  resolved "https://registry.yarnpkg.com/@tiptap/extension-bold/-/extension-bold-2.2.3.tgz#e4cd91de4e8dbdabd915bbc10c86eda321e91d17"
  integrity sha512-bHeFkRY5+Nf2DKupstV8EIVn359tw/9MFwDEDoF9F+Sn/vjuS35vm0OqjXYg/Ya9CQvwl/2oym/fKv5kO+Q6og==

"@tiptap/extension-bubble-menu@^2.2.3":
  version "2.2.3"
  resolved "https://registry.yarnpkg.com/@tiptap/extension-bubble-menu/-/extension-bubble-menu-2.2.3.tgz#e3b603324726aa2f96b2500855622ace625117df"
  integrity sha512-6ybColxLznGilzOY/yk3KcpV4JQy+QDDW6Za6zWV6OEs9D8I8VUeMAS77isMMc1dffvHfmgZpVZm/lsva8UuCw==
  dependencies:
    tippy.js "^6.3.7"

"@tiptap/extension-bullet-list@^2.2.3":
  version "2.2.3"
  resolved "https://registry.yarnpkg.com/@tiptap/extension-bullet-list/-/extension-bullet-list-2.2.3.tgz#98b82afd9a6c553278d4b613b29dbed99da063f9"
  integrity sha512-BpYg1pIfLE+2LTC90ts53deEWGSmAojhM/jJ84U19qfbfXt/7/KHrZJ4SAMxJSW3pLpy0bIq2XuOuvppOYVR5g==

"@tiptap/extension-code-block@^2.2.3":
  version "2.2.3"
  resolved "https://registry.yarnpkg.com/@tiptap/extension-code-block/-/extension-code-block-2.2.3.tgz#caeaad4f4ccf92963e73ddf1b90265edd94c7af3"
  integrity sha512-1xFM2Aj/JEWAT1PWjQ/7hEVmo1Av6JHxTANxMIjXUcmrMJkXDA+BQ7yItlwrrHxY0SJdxBbR/WWFn4dWIxd7iA==

"@tiptap/extension-code@^2.2.3":
  version "2.2.3"
  resolved "https://registry.yarnpkg.com/@tiptap/extension-code/-/extension-code-2.2.3.tgz#183847b126496f9d4d473a72b7e1d2ab2a90da68"
  integrity sha512-ZMp3CrbAV+PVOnPbGmruvlxFENLc+J/Fos8Y4mWvS1nDbrGuu19OKgKimwdzfDBpZVFVnHpEUnDTMBDzDe0hkg==

"@tiptap/extension-color@^2.0.3":
  version "2.2.3"
  resolved "https://registry.yarnpkg.com/@tiptap/extension-color/-/extension-color-2.2.3.tgz#fa76185c6bc5978d383c7f028c3a1466b687323b"
  integrity sha512-d9CNqXkv6jWfb7gFxmuRw8+fgh90mbZJIWwLROrUEZj87rZbRggDh24KViR3W++Ha+G4WruoRrMlVsl62SFAVw==

"@tiptap/extension-document@^2.2.3":
  version "2.2.3"
  resolved "https://registry.yarnpkg.com/@tiptap/extension-document/-/extension-document-2.2.3.tgz#40e4faac7369d0fea31ea4eb57716ed7393f24b7"
  integrity sha512-60Egd9yKb5SzpQlstQAP2A/2a/Qr+A+TblMRKZugrT+NENUhAj6Tx1HxWlblqGu2MsS1iXvQLZ6BQO1jHkL2IQ==

"@tiptap/extension-dropcursor@^2.2.3":
  version "2.2.3"
  resolved "https://registry.yarnpkg.com/@tiptap/extension-dropcursor/-/extension-dropcursor-2.2.3.tgz#f58f37b41cc6b41ae047c9b3ce25db58b1c06bb7"
  integrity sha512-SFvxgVX8/l3H+fV1q6dwmVEwlHuGbaKp1pkQb16/cDiWke/AWOBFTGOIVDfulLI5IiRIL7u3uc+Fy7BXrGDqQw==

"@tiptap/extension-floating-menu@^2.2.3":
  version "2.2.3"
  resolved "https://registry.yarnpkg.com/@tiptap/extension-floating-menu/-/extension-floating-menu-2.2.3.tgz#3e200f51760fd1d48cb572223dcaf54c70f244a6"
  integrity sha512-ZeQGmIFNImhu/zzn//Xzupwa82j2vIwiMoviX2zd+2DutoFnm4qRIAU6qpjzV+ZOSHAq3aBMGnYwEAY6vl4f3g==
  dependencies:
    tippy.js "^6.3.7"

"@tiptap/extension-gapcursor@^2.2.3":
  version "2.2.3"
  resolved "https://registry.yarnpkg.com/@tiptap/extension-gapcursor/-/extension-gapcursor-2.2.3.tgz#d6e064bea103433d6a365a06f9f78acc33b27971"
  integrity sha512-zPVpxembkuOQL/eJ5oAjvZ9Tyv480OpViKrNtOsQh+0nZctmWKnfDntMoWBZiSeW1vsGjkeFIckdeEAQ1KbIxA==

"@tiptap/extension-hard-break@^2.2.3":
  version "2.2.3"
  resolved "https://registry.yarnpkg.com/@tiptap/extension-hard-break/-/extension-hard-break-2.2.3.tgz#7d7b8e7bcf99be5f518a705c65ebcc1dacaaa514"
  integrity sha512-P7sP4WBEaQyiiFAswy9lKvaUWUAUwnfTSN3svTAgx0fpU3/ZeVWg+SDi5ve474Ym2oz2eRAr09mNTdWEUsL32Q==

"@tiptap/extension-heading@^2.2.3":
  version "2.2.3"
  resolved "https://registry.yarnpkg.com/@tiptap/extension-heading/-/extension-heading-2.2.3.tgz#4934e3a887d8843f85706a809fd6293b2b42b2b5"
  integrity sha512-7atctuvtwPqIAdnBPOhAMsJZd41UPnWN3CktzgzfsfEoplq/86QR1hGIE4JXVB2wAZDmbnKP9Fe8PCNr7Q8JCQ==

"@tiptap/extension-highlight@^2.0.3":
  version "2.2.3"
  resolved "https://registry.yarnpkg.com/@tiptap/extension-highlight/-/extension-highlight-2.2.3.tgz#b9cf810547d2abc8b3b7567b9002397b6add3477"
  integrity sha512-3K9WbrR2WCYq7a/2JSQi5K2zzG/5ebNfTOXyDcT3kn5B5PutyWuDCzqjkPxGXmkf8yEZTQ9Sn2lQPRMG3sNwFw==

"@tiptap/extension-history@^2.2.3":
  version "2.2.3"
  resolved "https://registry.yarnpkg.com/@tiptap/extension-history/-/extension-history-2.2.3.tgz#5df2f5bb7f082e13db72583c1236e7c2f41b901f"
  integrity sha512-S1TUfLtrasyv4zFNlBL302uYaR4wxqR/T36a4d71c0ozr0PsdVc6/f9lfH4aYw4PmS3fzDwJj0PAJ9bb+qDbPw==

"@tiptap/extension-horizontal-rule@^2.2.3":
  version "2.2.3"
  resolved "https://registry.yarnpkg.com/@tiptap/extension-horizontal-rule/-/extension-horizontal-rule-2.2.3.tgz#ff76b7627b6fea3ba5397fbfccd818f0f2e6efbd"
  integrity sha512-pc0J0hBcvj9ymJkFau1W/3L+OhB1PQzMjsx4ZWJvxURL8U7zdDqvYvJjfCA0i5Qw2ZuSVXFACGbEVr6NoCMRAw==

"@tiptap/extension-image@^2.0.3":
  version "2.2.3"
  resolved "https://registry.yarnpkg.com/@tiptap/extension-image/-/extension-image-2.2.3.tgz#53d93a381d11fa2e7875e2cad101a9a785a6df42"
  integrity sha512-IkhISPZ++INAQ3RSwjtJkMIinRyY2g8bqfgyLrc6kXNtfxRGLYS+lizvnI5UUO6X4sRgg/FPfqctAz5bqQBGzA==

"@tiptap/extension-italic@^2.2.3":
  version "2.2.3"
  resolved "https://registry.yarnpkg.com/@tiptap/extension-italic/-/extension-italic-2.2.3.tgz#d01e075bf0db5ac01113a19ab80cc39af39033fc"
  integrity sha512-SSsFuRnm4Y4Qnc6EuvmA4iarLCt/sg8qkqCKiNPjDUP5JR8HGESeoYVjQzprLHY8jusT9qoC26TP1Sin5vZmWQ==

"@tiptap/extension-link@^2.0.3":
  version "2.2.3"
  resolved "https://registry.yarnpkg.com/@tiptap/extension-link/-/extension-link-2.2.3.tgz#5c6571dffebbe328277b0abfae0deccfb20c2559"
  integrity sha512-AKKgkllpj0Po/hi2bVz719OMqyB1nBhKU/Q05yeWVirOYwF2ZwfM4iK2Iab7xWUVhvlyIG3lrWFQL8A30yuqwQ==
  dependencies:
    linkifyjs "^4.1.0"

"@tiptap/extension-list-item@^2.2.3":
  version "2.2.3"
  resolved "https://registry.yarnpkg.com/@tiptap/extension-list-item/-/extension-list-item-2.2.3.tgz#dfdc268cc2063947dc46749464d6d91afc0842a4"
  integrity sha512-eyfk4f1jOioj+mkIN2m6XQK61MpV0fi17utt8VNx893Td8kS0g7HHuuYMwyjIRtG35ENUaAt7c216JQwnLsrAw==

"@tiptap/extension-mention@^2.0.3":
  version "2.2.3"
  resolved "https://registry.yarnpkg.com/@tiptap/extension-mention/-/extension-mention-2.2.3.tgz#3b43619b572db693a1e776d1269ceef2c9474192"
  integrity sha512-HFSZcGLUJ/31aiOsc2CnkjS5EBg6EbU+SKLQZx7/pA4/ew4uSWOPI7a03mgGmNoRfR16est55OrauEuBj8hKrQ==

"@tiptap/extension-ordered-list@^2.2.3":
  version "2.2.3"
  resolved "https://registry.yarnpkg.com/@tiptap/extension-ordered-list/-/extension-ordered-list-2.2.3.tgz#07588d9091076e0577f5e4873e2e65c27d69a7be"
  integrity sha512-YIWpjkHAJN74tY185ZqatlG4+KbXQOdkJpc5cKWqO89gVWLi7+4xwdeeXbTEG64/LOOWS4Q6r1/EJmDy2FCbyA==

"@tiptap/extension-paragraph@^2.2.3":
  version "2.2.3"
  resolved "https://registry.yarnpkg.com/@tiptap/extension-paragraph/-/extension-paragraph-2.2.3.tgz#39e705198eba640a57f58276044950d3d77067ff"
  integrity sha512-4dP+Ecb2iEWW33ckFKjXRnSfEygaFUN19qzc7mUYD8e61ZA8caWL6//uL7DFIz4Q1rchyefbU52gCwTh2P42kQ==

"@tiptap/extension-placeholder@^2.0.3":
  version "2.2.3"
  resolved "https://registry.yarnpkg.com/@tiptap/extension-placeholder/-/extension-placeholder-2.2.3.tgz#d538bff70db199433a256fb37fac8e4058a3cfc1"
  integrity sha512-Kc+9a/uACY9XBT0uB/qFVpIHm8MzVr0uWA7MCjwDcMneANRLsXEBzWBzyHxRFoNRECfocivV9hQIhuO4i09c9A==

"@tiptap/extension-strike@^2.2.3":
  version "2.2.3"
  resolved "https://registry.yarnpkg.com/@tiptap/extension-strike/-/extension-strike-2.2.3.tgz#9caaca60d4f717863b03a8ade71af22a1579096c"
  integrity sha512-3wwFk01ociZajRzD08hp4j/4isFUeD6BIkKPDnZeGD5HKPdTOaDciE3dJ3JaZZrRZPPdPV3yMt5hkBOapqEKzQ==

"@tiptap/extension-table-cell@^2.0.3":
  version "2.2.3"
  resolved "https://registry.yarnpkg.com/@tiptap/extension-table-cell/-/extension-table-cell-2.2.3.tgz#acacad53d5d0dd241ede9b7a8161882568d4ec6c"
  integrity sha512-VB+nOMtep9n3g6wU2ISZbBWzru2XIPiYVlyGkclmW3QzeFw3FC8JLY5HDDaSfuBgLL4/Ll17ol9WDkv62jlP/Q==

"@tiptap/extension-table-header@^2.0.3":
  version "2.2.3"
  resolved "https://registry.yarnpkg.com/@tiptap/extension-table-header/-/extension-table-header-2.2.3.tgz#a374595ced5125526f49b56721a997f5b5d35725"
  integrity sha512-tuuGjfmwuSEHbSMqFMG7BsfgL89KUIvUecukesrs10GJXKh96LKPpFk7JeM0rXAOIDiR6DLF8gfhF1a+OlBpWQ==

"@tiptap/extension-table-row@^2.0.3":
  version "2.2.3"
  resolved "https://registry.yarnpkg.com/@tiptap/extension-table-row/-/extension-table-row-2.2.3.tgz#63612727df43cfde5d6c2e9e13bb52f2d4c6b130"
  integrity sha512-PohdsPNciwD5fN7I0cthOK8204GbYTZVe2YX1S54dCwoTIlzbJiWiFBLlftP0kqveWLTJD4l1CO0tUku39eFEA==

"@tiptap/extension-table@^2.0.3":
  version "2.2.3"
  resolved "https://registry.yarnpkg.com/@tiptap/extension-table/-/extension-table-2.2.3.tgz#af116e20fe8a5118afaaf65dac8d73ce357b2870"
  integrity sha512-k5LwCHribSms7e+oxdqB8S7V7F9VAn2HYncDQnnOm8+v09/JfqX1siWGGKaDeZGZ6BAKgOYx0hOf/RSWSTM8og==

"@tiptap/extension-text-align@^2.0.3":
  version "2.2.3"
  resolved "https://registry.yarnpkg.com/@tiptap/extension-text-align/-/extension-text-align-2.2.3.tgz#98c8f46b254ce2cfcc72b23c8f9084ee4b1e8c18"
  integrity sha512-Di/nNTlWsd9LW2NYUg80MkwDnDy9E8H2o2m8Vi/FgvCvDikDr/VD2+AD37SfJMxAjiPFqhJJMyci3vY2Yenv0g==

"@tiptap/extension-text-style@^2.0.3":
  version "2.2.3"
  resolved "https://registry.yarnpkg.com/@tiptap/extension-text-style/-/extension-text-style-2.2.3.tgz#d524bc97f546b5e7102c5cc37efd6d671dd2d4e7"
  integrity sha512-23OGAX0GFXY3CBlrsgqgWTw2G6RNPao4O8FV/Ryvo2ckSI58ITOgXQtt6pejk424RAFVolHUKob36VGfC7RRGw==

"@tiptap/extension-text@^2.2.3":
  version "2.2.3"
  resolved "https://registry.yarnpkg.com/@tiptap/extension-text/-/extension-text-2.2.3.tgz#3adc14b6f5956f2fb6102702beb0adbfe1f86131"
  integrity sha512-BrWGCkmuzVcsNy7dSCfJyVwedPzeNz6BR/OUNzM8Mqt2KSxfoIRy7cg16HvFB4YW+ijrM9XUqDIFvqYI0TY+Jg==

"@tiptap/extension-typography@^2.0.3":
  version "2.2.3"
  resolved "https://registry.yarnpkg.com/@tiptap/extension-typography/-/extension-typography-2.2.3.tgz#6ddb9116a338dbd66da8e6677e420dc828f438c3"
  integrity sha512-PCxb5lJkx/OguqgnrrhKdM8ayeH2EKrcCbbCMTScLEYSVKs0nkTt7p+PwugsZW5hxeuwhIOKgLSPHE4tSYol9w==

"@tiptap/pm@^2.0.3":
  version "2.2.3"
  resolved "https://registry.yarnpkg.com/@tiptap/pm/-/pm-2.2.3.tgz#88c8547015098ebd438211e839de64b043b655f3"
  integrity sha512-jYZX+0fjN+a1J8qY72Poz1LK6X6oHVQkJIq6qzcx3rm0voYZNVRzP2GIfzstncZiEqRXABHY3mWfOi2I4K9tQA==
  dependencies:
    prosemirror-changeset "^2.2.1"
    prosemirror-collab "^1.3.1"
    prosemirror-commands "^1.5.2"
    prosemirror-dropcursor "^1.8.1"
    prosemirror-gapcursor "^1.3.2"
    prosemirror-history "^1.3.2"
    prosemirror-inputrules "^1.3.0"
    prosemirror-keymap "^1.2.2"
    prosemirror-markdown "^1.12.0"
    prosemirror-menu "^1.2.4"
    prosemirror-model "^1.19.4"
    prosemirror-schema-basic "^1.2.2"
    prosemirror-schema-list "^1.3.0"
    prosemirror-state "^1.4.3"
    prosemirror-tables "^1.3.5"
    prosemirror-trailing-node "^2.0.7"
    prosemirror-transform "^1.8.0"
    prosemirror-view "^1.32.7"

"@tiptap/starter-kit@^2.0.3":
  version "2.2.3"
  resolved "https://registry.yarnpkg.com/@tiptap/starter-kit/-/starter-kit-2.2.3.tgz#d7583bf518147f0561981372a6410b083fd47a6d"
  integrity sha512-Jx+QXz0SE1y+j498TqYEJcjbIV9YSMwcuIJQ04q8KqHuSmZrq9B22Qa4d0fpcM7uL7dLI4AcRrcqaOuIahCJYQ==
  dependencies:
    "@tiptap/core" "^2.2.3"
    "@tiptap/extension-blockquote" "^2.2.3"
    "@tiptap/extension-bold" "^2.2.3"
    "@tiptap/extension-bullet-list" "^2.2.3"
    "@tiptap/extension-code" "^2.2.3"
    "@tiptap/extension-code-block" "^2.2.3"
    "@tiptap/extension-document" "^2.2.3"
    "@tiptap/extension-dropcursor" "^2.2.3"
    "@tiptap/extension-gapcursor" "^2.2.3"
    "@tiptap/extension-hard-break" "^2.2.3"
    "@tiptap/extension-heading" "^2.2.3"
    "@tiptap/extension-history" "^2.2.3"
    "@tiptap/extension-horizontal-rule" "^2.2.3"
    "@tiptap/extension-italic" "^2.2.3"
    "@tiptap/extension-list-item" "^2.2.3"
    "@tiptap/extension-ordered-list" "^2.2.3"
    "@tiptap/extension-paragraph" "^2.2.3"
    "@tiptap/extension-strike" "^2.2.3"
    "@tiptap/extension-text" "^2.2.3"

"@tiptap/suggestion@^2.0.3":
  version "2.2.3"
  resolved "https://registry.yarnpkg.com/@tiptap/suggestion/-/suggestion-2.2.3.tgz#d9286d53b0e37816628205a09035c344f6d46e7f"
  integrity sha512-pMInbk8+rYNaCz4oT/uS498mxSGIJXU32mkXv7wdDqMT2nnZQ2AHtJDUtMuB1RX+DS4ll9vdzrKqQHSW5t2ybQ==

"@tiptap/vue-3@^2.0.3":
  version "2.2.3"
  resolved "https://registry.yarnpkg.com/@tiptap/vue-3/-/vue-3-2.2.3.tgz#f9e9892a12785a8998c3e3934d4c2614b38de0e4"
  integrity sha512-TC+pncpxP6GHgM+qvX/1mfT+Xl3OlEekZqjetNJC/MfFM55OL5dIEu5kVjOiRsGQ/TWgwBGPrRYEE0Y1D6FuBA==
  dependencies:
    "@tiptap/extension-bubble-menu" "^2.2.3"
    "@tiptap/extension-floating-menu" "^2.2.3"

"@types/object.omit@^3.0.0":
  version "3.0.3"
  resolved "https://registry.yarnpkg.com/@types/object.omit/-/object.omit-3.0.3.tgz#cc52b1d9774c1619b5c6fc50229d087f01eabd68"
  integrity sha512-xrq4bQTBGYY2cw+gV4PzoG2Lv3L0pjZ1uXStRRDQoATOYW1lCsFQHhQ+OkPhIcQoqLjAq7gYif7D14Qaa6Zbew==

"@types/object.pick@^1.3.2":
  version "1.3.4"
  resolved "https://registry.yarnpkg.com/@types/object.pick/-/object.pick-1.3.4.tgz#1a38b6e69a35f36ec2dcc8b9f5ffd555c1c4d7fc"
  integrity sha512-5PjwB0uP2XDp3nt5u5NJAG2DORHIRClPzWT/TTZhJ2Ekwe8M5bA9tvPdi9NO/n2uvu2/ictat8kgqvLfcIE1SA==

"@types/throttle-debounce@^2.1.0":
  version "2.1.0"
  resolved "https://registry.yarnpkg.com/@types/throttle-debounce/-/throttle-debounce-2.1.0.tgz#1c3df624bfc4b62f992d3012b84c56d41eab3776"
  integrity sha512-5eQEtSCoESnh2FsiLTxE121IiE60hnMqcb435fShf4bpLRjEu1Eoekht23y6zXS9Ts3l+Szu3TARnTsA0GkOkQ==

"@types/web-bluetooth@^0.0.20":
  version "0.0.20"
  resolved "https://registry.yarnpkg.com/@types/web-bluetooth/-/web-bluetooth-0.0.20.tgz#f066abfcd1cbe66267cdbbf0de010d8a41b41597"
  integrity sha512-g9gZnnXVq7gM7v3tJCWV/qw7w+KeOlSHAhgF9RytFyifW6AF61hdT2ucrYhPq9hLs5JIryeupHV3qGk95dH9ow==

"@vueuse/core@^10.4.1":
  version "10.8.0"
  resolved "https://registry.yarnpkg.com/@vueuse/core/-/core-10.8.0.tgz#680f88cf2f92abfc7a3d69cdf5b030f6ff9e07ee"
  integrity sha512-G9Ok9fjx10TkNIPn8V1dJmK1NcdJCtYmDRyYiTMUyJ1p0Tywc1zmOoCQ2xhHYyz8ULBU4KjIJQ9n+Lrty74iVw==
  dependencies:
    "@types/web-bluetooth" "^0.0.20"
    "@vueuse/metadata" "10.8.0"
    "@vueuse/shared" "10.8.0"
    vue-demi ">=0.14.7"

"@vueuse/metadata@10.8.0":
  version "10.8.0"
  resolved "https://registry.yarnpkg.com/@vueuse/metadata/-/metadata-10.8.0.tgz#a0d828ae90feed8084870578c56f459897f7cbb3"
  integrity sha512-Nim/Vle5OgXcXhAvGOgkJQXB1Yb+Kq/fMbLuv3YYDYbiQrwr39ljuD4k9fPeq4yUyokYRo2RaNQmbbIMWB/9+w==

"@vueuse/shared@10.8.0":
  version "10.8.0"
  resolved "https://registry.yarnpkg.com/@vueuse/shared/-/shared-10.8.0.tgz#56e778919a3de9f2552bcbf3c09163e6d1035f1a"
  integrity sha512-dUdy6zwHhULGxmr9YUg8e+EnB39gcM4Fe2oKBSrh3cOsV30JcMPtsyuspgFCUo5xxFNaeMf/W2yyKfST7Bg8oQ==
  dependencies:
    vue-demi ">=0.14.7"

argparse@^2.0.1:
  version "2.0.1"
  resolved "https://registry.yarnpkg.com/argparse/-/argparse-2.0.1.tgz#246f50f3ca78a3240f6c997e8a9bd1eac49e4b38"
  integrity sha512-8+9WqebbFzpX9OR+Wa6O29asIogeRMzcGtAINdpMHHyAg10f05aSFVBbcEqGf/PXw1EjAZ+q2/bEBg3DvurK3Q==

case-anything@^2.1.13:
  version "2.1.13"
  resolved "https://registry.yarnpkg.com/case-anything/-/case-anything-2.1.13.tgz#0cdc16278cb29a7fcdeb072400da3f342ba329e9"
  integrity sha512-zlOQ80VrQ2Ue+ymH5OuM/DlDq64mEm+B9UTdHULv5osUMD6HalNTblf2b1u/m6QecjsnOkBpqVZ+XPwIVsy7Ng==

classnames@^2.2.5:
  version "2.5.1"
  resolved "https://registry.yarnpkg.com/classnames/-/classnames-2.5.1.tgz#ba774c614be0f016da105c858e7159eae8e7687b"
  integrity sha512-saHYOzhIQs6wy2sVxTM6bUDsQO4F50V9RQ22qBpEdCW+I+/Wmke2HOl6lS6dTpdxVhb88/I6+Hs+438c3lfUow==

commander@^9.0.0:
  version "9.5.0"
  resolved "https://registry.yarnpkg.com/commander/-/commander-9.5.0.tgz#bc08d1eb5cedf7ccb797a96199d41c7bc3e60d30"
  integrity sha512-KRs7WVDKg86PWiuAqhDrAQnTXZKraVcCc6vFdL14qrZ/DcWwuRo7VoiYXalXO7S5GKpqYiVEwCbgFDfxNHKJBQ==

core-js@^3.1.3:
  version "3.36.0"
  resolved "https://registry.yarnpkg.com/core-js/-/core-js-3.36.0.tgz#e752fa0b0b462a0787d56e9d73f80b0f7c0dde68"
  integrity sha512-mt7+TUBbTFg5+GngsAxeKBTl5/VS0guFeJacYge9OmHb+m058UwwIm41SE9T4Den7ClatV57B6TYTuJ0CX1MAw==

crelt@^1.0.0:
  version "1.0.6"
  resolved "https://registry.yarnpkg.com/crelt/-/crelt-1.0.6.tgz#7cc898ea74e190fb6ef9dae57f8f81cf7302df72"
  integrity sha512-VQ2MBenTq1fWZUH9DJNGti7kKv6EeAuYr3cLwxUWhIu1baTaXh4Ib5W2CqHVqib4/MqbYGJqiL3Zb8GJZr3l4g==

cssesc@^3.0.0:
  version "3.0.0"
  resolved "https://registry.yarnpkg.com/cssesc/-/cssesc-3.0.0.tgz#37741919903b868565e1c09ea747445cd18983ee"
  integrity sha512-/Tb/JcjK111nNScGob5MNtsntNM1aCNUDipB/TkwZFhyDrrE47SOx/18wF2bbjgc3ZzCSKW1T5nt5EbFoAz/Vg==

dash-get@^1.0.2:
  version "1.0.2"
  resolved "https://registry.yarnpkg.com/dash-get/-/dash-get-1.0.2.tgz#4c9e9ad5ef04c4bf9d3c9a451f6f7997298dcc7c"
  integrity sha512-4FbVrHDwfOASx7uQVxeiCTo7ggSdYZbqs8lH+WU6ViypPlDbe9y6IP5VVUDQBv9DcnyaiPT5XT0UWHgJ64zLeQ==

debug@~4.3.1, debug@~4.3.2:
  version "4.3.4"
  resolved "https://registry.yarnpkg.com/debug/-/debug-4.3.4.tgz#1319f6579357f2338d3337d2cdd4914bb5dcc865"
  integrity sha512-PRWFHuSU3eDtQJPvnNY7Jcket1j0t5OuOsFzPPzsekD52Zl8qUfFIPEiswXqIvHWGVHOgX+7G/vCNNhehwxfkQ==
  dependencies:
    ms "2.1.2"

deepmerge@^4.3.1:
  version "4.3.1"
  resolved "https://registry.yarnpkg.com/deepmerge/-/deepmerge-4.3.1.tgz#44b5f2147cd3b00d4b56137685966f26fd25dd4a"
  integrity sha512-3sUqbMEc77XqpdNO7FRyRog+eW3ph+GYCbj+rK+uYyRMuwsVy0rMiVtPn+QJlKFvWP/1PYpapqYn0Me2knFn+A==

engine.io-client@~6.5.2:
  version "6.5.3"
  resolved "https://registry.yarnpkg.com/engine.io-client/-/engine.io-client-6.5.3.tgz#4cf6fa24845029b238f83c628916d9149c399bc5"
  integrity sha512-9Z0qLB0NIisTRt1DZ/8U2k12RJn8yls/nXMZLn+/N8hANT3TcYjKFKcwbw5zFQiN4NTde3TSY9zb79e1ij6j9Q==
  dependencies:
    "@socket.io/component-emitter" "~3.1.0"
    debug "~4.3.1"
    engine.io-parser "~5.2.1"
    ws "~8.11.0"
    xmlhttprequest-ssl "~2.0.0"

engine.io-parser@~5.2.1:
  version "5.2.2"
  resolved "https://registry.yarnpkg.com/engine.io-parser/-/engine.io-parser-5.2.2.tgz#37b48e2d23116919a3453738c5720455e64e1c49"
  integrity sha512-RcyUFKA93/CXH20l4SoVvzZfrSDMOTUS3bWVpTt2FuFP+XYrL8i8oonHP7WInRyVHXh0n/ORtoeiE1os+8qkSw==

entities@^4.4.0:
  version "4.5.0"
  resolved "https://registry.yarnpkg.com/entities/-/entities-4.5.0.tgz#5d268ea5e7113ec74c4d033b79ea5a35a488fb48"
  integrity sha512-V0hjH4dGPh9Ao5p0MoRY6BVqtwCjhz6vI5LT8AJ55H+4g9/4vbHx1I54fS0XuclLhDHArPQCiMjDxjaL8fPxhw==

escape-string-regexp@^4.0.0:
  version "4.0.0"
  resolved "https://registry.yarnpkg.com/escape-string-regexp/-/escape-string-regexp-4.0.0.tgz#14ba83a5d373e3d311e5afca29cf5bfad965bf34"
  integrity sha512-TtpcNJ3XAzx3Gq8sWRzJaVajRs0uVxA2YAkdb1jm2YkPz4G6egUFAyA3n5vtEIZefPk5Wa4UXbKuS5fKkJWdgA==

fast-deep-equal@^3.1.3:
  version "3.1.3"
  resolved "https://registry.yarnpkg.com/fast-deep-equal/-/fast-deep-equal-3.1.3.tgz#3a7d56b559d6cbc3eb512325244e619a65c6c525"
  integrity sha512-f3qQ9oQy9j2AhBe/H9VC91wLmKBCCU/gDOnKNAYG5hswO7BLKj09Hc5HYNz9cGI++xlpDCIgDaitVs03ATR84Q==

feather-icons@^4.28.0:
  version "4.29.1"
  resolved "https://registry.yarnpkg.com/feather-icons/-/feather-icons-4.29.1.tgz#f222aaa4cc6fca499356660c9de6c009ee2cb117"
  integrity sha512-P1we61haGTds6lKWe6CCVPsNULb8tHr1y6S9gXEpU+lNR1Ja7GdV0A1l2hTNmzXv+0Stix/3YMWMAn7n1Qtd6A==
  dependencies:
    classnames "^2.2.5"
    core-js "^3.1.3"

frappe-ui@^0.1.31:
  version "0.1.31"
  resolved "https://registry.yarnpkg.com/frappe-ui/-/frappe-ui-0.1.31.tgz#a760fb943e833c7d2387d3fd80d7996d33effed8"
  integrity sha512-XvDCVcW0lVE0BfW7oosMF5vlRf0cwqltsjaJTU9PvlVq2W0UCP+IDSy30MSkzpJts0YY7BnKLGwq+hqiRIAbbA==
  dependencies:
    "@headlessui/vue" "^1.7.14"
    "@popperjs/core" "^2.11.2"
    "@tailwindcss/forms" "^0.5.3"
    "@tailwindcss/typography" "^0.5.0"
    "@tiptap/extension-color" "^2.0.3"
    "@tiptap/extension-highlight" "^2.0.3"
    "@tiptap/extension-image" "^2.0.3"
    "@tiptap/extension-link" "^2.0.3"
    "@tiptap/extension-mention" "^2.0.3"
    "@tiptap/extension-placeholder" "^2.0.3"
    "@tiptap/extension-table" "^2.0.3"
    "@tiptap/extension-table-cell" "^2.0.3"
    "@tiptap/extension-table-header" "^2.0.3"
    "@tiptap/extension-table-row" "^2.0.3"
    "@tiptap/extension-text-align" "^2.0.3"
    "@tiptap/extension-text-style" "^2.0.3"
    "@tiptap/extension-typography" "^2.0.3"
    "@tiptap/pm" "^2.0.3"
    "@tiptap/starter-kit" "^2.0.3"
    "@tiptap/suggestion" "^2.0.3"
    "@tiptap/vue-3" "^2.0.3"
    "@vueuse/core" "^10.4.1"
    feather-icons "^4.28.0"
    idb-keyval "^6.2.0"
    showdown "^2.1.0"
    socket.io-client "^4.5.1"
    tippy.js "^6.3.7"

idb-keyval@^6.2.0:
  version "6.2.1"
  resolved "https://registry.yarnpkg.com/idb-keyval/-/idb-keyval-6.2.1.tgz#94516d625346d16f56f3b33855da11bfded2db33"
  integrity sha512-8Sb3veuYCyrZL+VBt9LJfZjLUPWVvqn8tG28VqYNFCo43KHcKuq+b4EiXGeuaLAQWL2YmyDgMp2aSpH9JHsEQg==

is-extendable@^1.0.0:
  version "1.0.1"
  resolved "https://registry.yarnpkg.com/is-extendable/-/is-extendable-1.0.1.tgz#a7470f9e426733d81bd81e1155264e3a3507cab4"
  integrity sha512-arnXMxT1hhoKo9k1LZdmlNyJdDDfy2v0fXjFlmok4+i8ul/6WlbVge9bhM74OpNPQPMGUToDtz+KXa1PneJxOA==
  dependencies:
    is-plain-object "^2.0.4"

is-plain-object@^2.0.4:
  version "2.0.4"
  resolved "https://registry.yarnpkg.com/is-plain-object/-/is-plain-object-2.0.4.tgz#2c163b3fafb1b606d9d17928f05c2a1c38e07677"
  integrity sha512-h5PpgXkWitc38BBMYawTYMWJHFZJVnBquFE57xFpjB8pJFiF6gZ+bU+WyI/yqXiFR5mdLsgYNaPe8uao6Uv9Og==
  dependencies:
    isobject "^3.0.1"

isobject@^3.0.1:
  version "3.0.1"
  resolved "https://registry.yarnpkg.com/isobject/-/isobject-3.0.1.tgz#4e431e92b11a9731636aa1f9c8d1ccbcfdab78df"
  integrity sha512-WhB9zCku7EGTj/HQQRz5aUQEUeoQZH2bWcltRErOpymJ4boYE6wL9Tbr23krRPSZ+C5zqNSrSw+Cc7sZZ4b7vg==

linkify-it@^5.0.0:
  version "5.0.0"
  resolved "https://registry.yarnpkg.com/linkify-it/-/linkify-it-5.0.0.tgz#9ef238bfa6dc70bd8e7f9572b52d369af569b421"
  integrity sha512-5aHCbzQRADcdP+ATqnDuhhJ/MRIqDkZX5pyjFHRRysS8vZ5AbqGEoFIb6pYHPZ+L/OC2Lc+xT8uHVVR5CAK/wQ==
  dependencies:
    uc.micro "^2.0.0"

linkifyjs@^4.1.0:
  version "4.1.3"
  resolved "https://registry.yarnpkg.com/linkifyjs/-/linkifyjs-4.1.3.tgz#0edbc346428a7390a23ea2e5939f76112c9ae07f"
  integrity sha512-auMesunaJ8yfkHvK4gfg1K0SaKX/6Wn9g2Aac/NwX+l5VdmFZzo/hdPGxEOETj+ryRa4/fiOPjeeKURSAJx1sg==

lodash.castarray@^4.4.0:
  version "4.4.0"
  resolved "https://registry.yarnpkg.com/lodash.castarray/-/lodash.castarray-4.4.0.tgz#c02513515e309daddd4c24c60cfddcf5976d9115"
  integrity sha512-aVx8ztPv7/2ULbArGJ2Y42bG1mEQ5mGjpdvrbJcJFU3TbYybe+QlLS4pst9zV52ymy2in1KpFPiZnAOATxD4+Q==

lodash.isplainobject@^4.0.6:
  version "4.0.6"
  resolved "https://registry.yarnpkg.com/lodash.isplainobject/-/lodash.isplainobject-4.0.6.tgz#7c526a52d89b45c45cc690b88163be0497f550cb"
  integrity sha512-oSXzaWypCMHkPC3NvBEaPHf0KsA5mvPrOPgQWDsbg8n7orZ290M0BmC/jgRZ4vcJ6DTAhjrsSYgdsW/F+MFOBA==

lodash.merge@^4.6.2:
  version "4.6.2"
  resolved "https://registry.yarnpkg.com/lodash.merge/-/lodash.merge-4.6.2.tgz#558aa53b43b661e1925a0afdfa36a9a1085fe57a"
  integrity sha512-0KpjqXRVvrYyCsX1swR/XTK0va6VQkQM6MNo7PqW77ByjAhoARA8EfrP1N4+KlKj8YS0ZUCtRT/YUuhyYDujIQ==

make-error@^1.3.6:
  version "1.3.6"
  resolved "https://registry.yarnpkg.com/make-error/-/make-error-1.3.6.tgz#2eb2e37ea9b67c4891f684a1394799af484cf7a2"
  integrity sha512-s8UhlNe7vPKomQhC1qFelMokr/Sc3AgNbso3n74mVPA5LTZwkB9NlXf4XPamLxJE8h0gh73rM94xvwRT2CVInw==

markdown-it@^14.0.0:
  version "14.0.0"
  resolved "https://registry.yarnpkg.com/markdown-it/-/markdown-it-14.0.0.tgz#b4b2ddeb0f925e88d981f84c183b59bac9e3741b"
  integrity sha512-seFjF0FIcPt4P9U39Bq1JYblX0KZCjDLFFQPHpL5AzHpqPEKtosxmdq/LTVZnjfH7tjt9BxStm+wXcDBNuYmzw==
  dependencies:
    argparse "^2.0.1"
    entities "^4.4.0"
    linkify-it "^5.0.0"
    mdurl "^2.0.0"
    punycode.js "^2.3.1"
    uc.micro "^2.0.0"

mdurl@^2.0.0:
  version "2.0.0"
  resolved "https://registry.yarnpkg.com/mdurl/-/mdurl-2.0.0.tgz#80676ec0433025dd3e17ee983d0fe8de5a2237e0"
  integrity sha512-Lf+9+2r+Tdp5wXDXC4PcIBjTDtq4UKjCPMQhKIuzpJNW0b96kVqSwW0bT7FhRSfmAiFYgP+SCRvdrDozfh0U5w==

mini-svg-data-uri@^1.2.3:
  version "1.4.4"
  resolved "https://registry.yarnpkg.com/mini-svg-data-uri/-/mini-svg-data-uri-1.4.4.tgz#8ab0aabcdf8c29ad5693ca595af19dd2ead09939"
  integrity sha512-r9deDe9p5FJUPZAk3A59wGH7Ii9YrjjWw0jmw/liSbHl2CHiyXj6FcDXDu2K3TjVAXqiJdaw3xxwlZZr9E6nHg==

ms@2.1.2:
  version "2.1.2"
  resolved "https://registry.yarnpkg.com/ms/-/ms-2.1.2.tgz#d09d1f357b443f493382a8eb3ccd183872ae6009"
  integrity sha512-sGkPx+VjMtmA6MX27oA4FBFELFCZZ4S4XqeGOXCv68tT+jb3vk/RyaKWP0PTKyWtmLSM0b+adUTEvbs1PEaH2w==

object.omit@^3.0.0:
  version "3.0.0"
  resolved "https://registry.yarnpkg.com/object.omit/-/object.omit-3.0.0.tgz#0e3edc2fce2ba54df5577ff529f6d97bd8a522af"
  integrity sha512-EO+BCv6LJfu+gBIF3ggLicFebFLN5zqzz/WWJlMFfkMyGth+oBkhxzDl0wx2W4GkLzuQs/FsSkXZb2IMWQqmBQ==
  dependencies:
    is-extendable "^1.0.0"

object.pick@^1.3.0:
  version "1.3.0"
  resolved "https://registry.yarnpkg.com/object.pick/-/object.pick-1.3.0.tgz#87a10ac4c1694bd2e1cbf53591a66141fb5dd747"
  integrity sha512-tqa/UMy/CCoYmj+H5qc07qvSL9dqcs/WZENZ1JbtWBlATP+iVOe778gE6MSijnyCnORzDuX6hU+LA4SZ09YjFQ==
  dependencies:
    isobject "^3.0.1"

orderedmap@^2.0.0:
  version "2.1.1"
  resolved "https://registry.yarnpkg.com/orderedmap/-/orderedmap-2.1.1.tgz#61481269c44031c449915497bf5a4ad273c512d2"
  integrity sha512-TvAWxi0nDe1j/rtMcWcIj94+Ffe6n7zhow33h40SKxmsmozs6dz/e+EajymfoFcHd7sxNn8yHM8839uixMOV6g==

postcss-selector-parser@6.0.10:
  version "6.0.10"
  resolved "https://registry.yarnpkg.com/postcss-selector-parser/-/postcss-selector-parser-6.0.10.tgz#79b61e2c0d1bfc2602d549e11d0876256f8df88d"
  integrity sha512-IQ7TZdoaqbT+LCpShg46jnZVlhWD2w6iQYAcYXfHARZ7X1t/UGhhceQDs5X0cGqKvYlHNOuv7Oa1xmb0oQuA3w==
  dependencies:
    cssesc "^3.0.0"
    util-deprecate "^1.0.2"

prosemirror-changeset@^2.2.1:
  version "2.2.1"
  resolved "https://registry.yarnpkg.com/prosemirror-changeset/-/prosemirror-changeset-2.2.1.tgz#dae94b63aec618fac7bb9061648e6e2a79988383"
  integrity sha512-J7msc6wbxB4ekDFj+n9gTW/jav/p53kdlivvuppHsrZXCaQdVgRghoZbSS3kwrRyAstRVQ4/+u5k7YfLgkkQvQ==
  dependencies:
    prosemirror-transform "^1.0.0"

prosemirror-collab@^1.3.1:
  version "1.3.1"
  resolved "https://registry.yarnpkg.com/prosemirror-collab/-/prosemirror-collab-1.3.1.tgz#0e8c91e76e009b53457eb3b3051fb68dad029a33"
  integrity sha512-4SnynYR9TTYaQVXd/ieUvsVV4PDMBzrq2xPUWutHivDuOshZXqQ5rGbZM84HEaXKbLdItse7weMGOUdDVcLKEQ==
  dependencies:
    prosemirror-state "^1.0.0"

prosemirror-commands@^1.0.0, prosemirror-commands@^1.5.2:
  version "1.5.2"
  resolved "https://registry.yarnpkg.com/prosemirror-commands/-/prosemirror-commands-1.5.2.tgz#e94aeea52286f658cd984270de9b4c3fff580852"
  integrity sha512-hgLcPaakxH8tu6YvVAaILV2tXYsW3rAdDR8WNkeKGcgeMVQg3/TMhPdVoh7iAmfgVjZGtcOSjKiQaoeKjzd2mQ==
  dependencies:
    prosemirror-model "^1.0.0"
    prosemirror-state "^1.0.0"
    prosemirror-transform "^1.0.0"

prosemirror-dropcursor@^1.8.1:
  version "1.8.1"
  resolved "https://registry.yarnpkg.com/prosemirror-dropcursor/-/prosemirror-dropcursor-1.8.1.tgz#49b9fb2f583e0d0f4021ff87db825faa2be2832d"
  integrity sha512-M30WJdJZLyXHi3N8vxN6Zh5O8ZBbQCz0gURTfPmTIBNQ5pxrdU7A58QkNqfa98YEjSAL1HUyyU34f6Pm5xBSGw==
  dependencies:
    prosemirror-state "^1.0.0"
    prosemirror-transform "^1.1.0"
    prosemirror-view "^1.1.0"

prosemirror-gapcursor@^1.3.2:
  version "1.3.2"
  resolved "https://registry.yarnpkg.com/prosemirror-gapcursor/-/prosemirror-gapcursor-1.3.2.tgz#5fa336b83789c6199a7341c9493587e249215cb4"
  integrity sha512-wtjswVBd2vaQRrnYZaBCbyDqr232Ed4p2QPtRIUK5FuqHYKGWkEwl08oQM4Tw7DOR0FsasARV5uJFvMZWxdNxQ==
  dependencies:
    prosemirror-keymap "^1.0.0"
    prosemirror-model "^1.0.0"
    prosemirror-state "^1.0.0"
    prosemirror-view "^1.0.0"

prosemirror-history@^1.0.0, prosemirror-history@^1.3.2:
  version "1.3.2"
  resolved "https://registry.yarnpkg.com/prosemirror-history/-/prosemirror-history-1.3.2.tgz#ce6ad7ab9db83e761aee716f3040d74738311b15"
  integrity sha512-/zm0XoU/N/+u7i5zepjmZAEnpvjDtzoPWW6VmKptcAnPadN/SStsBjMImdCEbb3seiNTpveziPTIrXQbHLtU1g==
  dependencies:
    prosemirror-state "^1.2.2"
    prosemirror-transform "^1.0.0"
    prosemirror-view "^1.31.0"
    rope-sequence "^1.3.0"

prosemirror-inputrules@^1.3.0:
  version "1.4.0"
  resolved "https://registry.yarnpkg.com/prosemirror-inputrules/-/prosemirror-inputrules-1.4.0.tgz#ef1519bb2cb0d1e0cec74bad1a97f1c1555068bb"
  integrity sha512-6ygpPRuTJ2lcOXs9JkefieMst63wVJBgHZGl5QOytN7oSZs3Co/BYbc3Yx9zm9H37Bxw8kVzCnDsihsVsL4yEg==
  dependencies:
    prosemirror-state "^1.0.0"
    prosemirror-transform "^1.0.0"

prosemirror-keymap@^1.0.0, prosemirror-keymap@^1.1.2, prosemirror-keymap@^1.2.2:
  version "1.2.2"
  resolved "https://registry.yarnpkg.com/prosemirror-keymap/-/prosemirror-keymap-1.2.2.tgz#14a54763a29c7b2704f561088ccf3384d14eb77e"
  integrity sha512-EAlXoksqC6Vbocqc0GtzCruZEzYgrn+iiGnNjsJsH4mrnIGex4qbLdWWNza3AW5W36ZRrlBID0eM6bdKH4OStQ==
  dependencies:
    prosemirror-state "^1.0.0"
    w3c-keyname "^2.2.0"

prosemirror-markdown@^1.12.0:
  version "1.12.0"
  resolved "https://registry.yarnpkg.com/prosemirror-markdown/-/prosemirror-markdown-1.12.0.tgz#d2de09d37897abf7adb6293d925ff132dac5b0a6"
  integrity sha512-6F5HS8Z0HDYiS2VQDZzfZP6A0s/I0gbkJy8NCzzDMtcsz3qrfqyroMMeoSjAmOhDITyon11NbXSzztfKi+frSQ==
  dependencies:
    markdown-it "^14.0.0"
    prosemirror-model "^1.0.0"

prosemirror-menu@^1.2.4:
  version "1.2.4"
  resolved "https://registry.yarnpkg.com/prosemirror-menu/-/prosemirror-menu-1.2.4.tgz#3cfdc7c06d10f9fbd1bce29082c498bd11a0a79a"
  integrity sha512-S/bXlc0ODQup6aiBbWVsX/eM+xJgCTAfMq/nLqaO5ID/am4wS0tTCIkzwytmao7ypEtjj39i7YbJjAgO20mIqA==
  dependencies:
    crelt "^1.0.0"
    prosemirror-commands "^1.0.0"
    prosemirror-history "^1.0.0"
    prosemirror-state "^1.0.0"

prosemirror-model@^1.0.0, prosemirror-model@^1.16.0, prosemirror-model@^1.19.0, prosemirror-model@^1.19.4, prosemirror-model@^1.8.1:
  version "1.19.4"
  resolved "https://registry.yarnpkg.com/prosemirror-model/-/prosemirror-model-1.19.4.tgz#e45e84480c97dd3922095dbe579e1c98c86c0704"
  integrity sha512-RPmVXxUfOhyFdayHawjuZCxiROsm9L4FCUA6pWI+l7n2yCBsWy9VpdE1hpDHUS8Vad661YLY9AzqfjLhAKQ4iQ==
  dependencies:
    orderedmap "^2.0.0"

prosemirror-schema-basic@^1.2.2:
  version "1.2.2"
  resolved "https://registry.yarnpkg.com/prosemirror-schema-basic/-/prosemirror-schema-basic-1.2.2.tgz#6695f5175e4628aab179bf62e5568628b9cfe6c7"
  integrity sha512-/dT4JFEGyO7QnNTe9UaKUhjDXbTNkiWTq/N4VpKaF79bBjSExVV2NXmJpcM7z/gD7mbqNjxbmWW5nf1iNSSGnw==
  dependencies:
    prosemirror-model "^1.19.0"

prosemirror-schema-list@^1.3.0:
  version "1.3.0"
  resolved "https://registry.yarnpkg.com/prosemirror-schema-list/-/prosemirror-schema-list-1.3.0.tgz#05374702cf35a3ba5e7ec31079e355a488d52519"
  integrity sha512-Hz/7gM4skaaYfRPNgr421CU4GSwotmEwBVvJh5ltGiffUJwm7C8GfN/Bc6DR1EKEp5pDKhODmdXXyi9uIsZl5A==
  dependencies:
    prosemirror-model "^1.0.0"
    prosemirror-state "^1.0.0"
    prosemirror-transform "^1.7.3"

prosemirror-state@^1.0.0, prosemirror-state@^1.2.2, prosemirror-state@^1.3.1, prosemirror-state@^1.4.3:
  version "1.4.3"
  resolved "https://registry.yarnpkg.com/prosemirror-state/-/prosemirror-state-1.4.3.tgz#94aecf3ffd54ec37e87aa7179d13508da181a080"
  integrity sha512-goFKORVbvPuAQaXhpbemJFRKJ2aixr+AZMGiquiqKxaucC6hlpHNZHWgz5R7dS4roHiwq9vDctE//CZ++o0W1Q==
  dependencies:
    prosemirror-model "^1.0.0"
    prosemirror-transform "^1.0.0"
    prosemirror-view "^1.27.0"

prosemirror-tables@^1.3.5:
  version "1.3.5"
  resolved "https://registry.yarnpkg.com/prosemirror-tables/-/prosemirror-tables-1.3.5.tgz#80f03394f5b9991f9693bcb3a90b6dba6b16254d"
  integrity sha512-JSZ2cCNlApu/ObAhdPyotrjBe2cimniniTpz60YXzbL0kZ+47nEYk2LWbfKU2lKpBkUNquta2PjteoNi4YCluQ==
  dependencies:
    prosemirror-keymap "^1.1.2"
    prosemirror-model "^1.8.1"
    prosemirror-state "^1.3.1"
    prosemirror-transform "^1.2.1"
    prosemirror-view "^1.13.3"

prosemirror-trailing-node@^2.0.7:
  version "2.0.7"
  resolved "https://registry.yarnpkg.com/prosemirror-trailing-node/-/prosemirror-trailing-node-2.0.7.tgz#ba782a7929f18bcae650b1c7082a2d10443eab19"
  integrity sha512-8zcZORYj/8WEwsGo6yVCRXFMOfBo0Ub3hCUvmoWIZYfMP26WqENU0mpEP27w7mt8buZWuGrydBewr0tOArPb1Q==
  dependencies:
    "@remirror/core-constants" "^2.0.2"
    "@remirror/core-helpers" "^3.0.0"
    escape-string-regexp "^4.0.0"

prosemirror-transform@^1.0.0, prosemirror-transform@^1.1.0, prosemirror-transform@^1.2.1, prosemirror-transform@^1.7.3, prosemirror-transform@^1.8.0:
  version "1.8.0"
  resolved "https://registry.yarnpkg.com/prosemirror-transform/-/prosemirror-transform-1.8.0.tgz#a47c64a3c373c1bd0ff46e95be3210c8dda0cd11"
  integrity sha512-BaSBsIMv52F1BVVMvOmp1yzD3u65uC3HTzCBQV1WDPqJRQ2LuHKcyfn0jwqodo8sR9vVzMzZyI+Dal5W9E6a9A==
  dependencies:
    prosemirror-model "^1.0.0"

prosemirror-view@^1.0.0, prosemirror-view@^1.1.0, prosemirror-view@^1.13.3, prosemirror-view@^1.27.0, prosemirror-view@^1.31.0, prosemirror-view@^1.32.7:
  version "1.33.1"
  resolved "https://registry.yarnpkg.com/prosemirror-view/-/prosemirror-view-1.33.1.tgz#58dfd154f4fb1c9f7353bf1097c54d6afc6f57ea"
  integrity sha512-62qkYgSJIkwIMMCpuGuPzc52DiK1Iod6TWoIMxP4ja6BTD4yO8kCUL64PZ/WhH/dJ9fW0CDO39FhH1EMyhUFEg==
  dependencies:
    prosemirror-model "^1.16.0"
    prosemirror-state "^1.0.0"
    prosemirror-transform "^1.1.0"

punycode.js@^2.3.1:
  version "2.3.1"
  resolved "https://registry.yarnpkg.com/punycode.js/-/punycode.js-2.3.1.tgz#6b53e56ad75588234e79f4affa90972c7dd8cdb7"
  integrity sha512-uxFIHU0YlHYhDQtV4R9J6a52SLx28BCjT+4ieh7IGbgwVJWO+km431c4yRlREUAsAmt/uMjQUyQHNEPf0M39CA==

rope-sequence@^1.3.0:
  version "1.3.4"
  resolved "https://registry.yarnpkg.com/rope-sequence/-/rope-sequence-1.3.4.tgz#df85711aaecd32f1e756f76e43a415171235d425"
  integrity sha512-UT5EDe2cu2E/6O4igUr5PSFs23nvvukicWHx6GnOPlHAiiYbzNuCRQCuiUdHJQcqKalLKlrYJnjY0ySGsXNQXQ==

showdown@^2.1.0:
  version "2.1.0"
  resolved "https://registry.yarnpkg.com/showdown/-/showdown-2.1.0.tgz#1251f5ed8f773f0c0c7bfc8e6fd23581f9e545c5"
  integrity sha512-/6NVYu4U819R2pUIk79n67SYgJHWCce0a5xTP979WbNp0FL9MN1I1QK662IDU1b6JzKTvmhgI7T7JYIxBi3kMQ==
  dependencies:
    commander "^9.0.0"

socket.io-client@^4.5.1:
  version "4.7.4"
  resolved "https://registry.yarnpkg.com/socket.io-client/-/socket.io-client-4.7.4.tgz#5f0e060ff34ac0a4b4c5abaaa88e0d1d928c64c8"
  integrity sha512-wh+OkeF0rAVCrABWQBaEjLfb7DVPotMbu0cgWgyR0v6eA4EoVnAwcIeIbcdTE3GT/H3kbdLl7OoH2+asoDRIIg==
  dependencies:
    "@socket.io/component-emitter" "~3.1.0"
    debug "~4.3.2"
    engine.io-client "~6.5.2"
    socket.io-parser "~4.2.4"

socket.io-parser@~4.2.4:
  version "4.2.4"
  resolved "https://registry.yarnpkg.com/socket.io-parser/-/socket.io-parser-4.2.4.tgz#c806966cf7270601e47469ddeec30fbdfda44c83"
  integrity sha512-/GbIKmo8ioc+NIWIhwdecY0ge+qVBSMdgxGygevmdHj24bsfgtCmcUUcQ5ZzcylGFHsN3k4HB4Cgkl96KVnuew==
  dependencies:
    "@socket.io/component-emitter" "~3.1.0"
    debug "~4.3.1"

throttle-debounce@^3.0.1:
  version "3.0.1"
  resolved "https://registry.yarnpkg.com/throttle-debounce/-/throttle-debounce-3.0.1.tgz#32f94d84dfa894f786c9a1f290e7a645b6a19abb"
  integrity sha512-dTEWWNu6JmeVXY0ZYoPuH5cRIwc0MeGbJwah9KUNYSJwommQpCzTySTpEe8Gs1J23aeWEuAobe4Ag7EHVt/LOg==

tippy.js@^6.3.7:
  version "6.3.7"
  resolved "https://registry.yarnpkg.com/tippy.js/-/tippy.js-6.3.7.tgz#8ccfb651d642010ed9a32ff29b0e9e19c5b8c61c"
  integrity sha512-E1d3oP2emgJ9dRQZdf3Kkn0qJgI6ZLpyS5z6ZkY1DF3kaQaBsGZsndEpHwx+eC+tYM41HaSNvNtLx8tU57FzTQ==
  dependencies:
    "@popperjs/core" "^2.9.0"

type-fest@^2.19.0:
  version "2.19.0"
  resolved "https://registry.yarnpkg.com/type-fest/-/type-fest-2.19.0.tgz#88068015bb33036a598b952e55e9311a60fd3a9b"
  integrity sha512-RAH822pAdBgcNMAfWnCBU3CFZcfZ/i1eZjwFU/dsLKumyuuP3niueg2UAukXYF0E2AAoc82ZSSf9J0WQBinzHA==

uc.micro@^2.0.0:
  version "2.0.0"
  resolved "https://registry.yarnpkg.com/uc.micro/-/uc.micro-2.0.0.tgz#84b3c335c12b1497fd9e80fcd3bfa7634c363ff1"
  integrity sha512-DffL94LsNOccVn4hyfRe5rdKa273swqeA5DJpMOeFmEn1wCDc7nAbbB0gXlgBCL7TNzeTv6G7XVWzan7iJtfig==

util-deprecate@^1.0.2:
  version "1.0.2"
  resolved "https://registry.yarnpkg.com/util-deprecate/-/util-deprecate-1.0.2.tgz#450d4dc9fa70de732762fbd2d4a28981419a0ccf"
  integrity sha512-EPD5q1uXyFxJpCrLnCc1nHnq3gOa6DZBocAIiI2TaSCA7VCJ1UJDMagCzIkXNsUYfD1daK//LTEQ8xiIbrHtcw==

vue-demi@>=0.14.7:
  version "0.14.7"
  resolved "https://registry.yarnpkg.com/vue-demi/-/vue-demi-0.14.7.tgz#8317536b3ef74c5b09f268f7782e70194567d8f2"
  integrity sha512-EOG8KXDQNwkJILkx/gPcoL/7vH+hORoBaKgGe+6W7VFMvCYJfmF2dGbvgDroVnI8LU7/kTu8mbjRZGBU1z9NTA==

w3c-keyname@^2.2.0:
  version "2.2.8"
  resolved "https://registry.yarnpkg.com/w3c-keyname/-/w3c-keyname-2.2.8.tgz#7b17c8c6883d4e8b86ac8aba79d39e880f8869c5"
  integrity sha512-dpojBhNsCNN7T82Tm7k26A6G9ML3NkhDsnw9n/eoxSRlVBB4CEtIQ/KTCLI2Fwf3ataSXRhYFkQi3SlnFwPvPQ==

ws@~8.11.0:
  version "8.11.0"
  resolved "https://registry.yarnpkg.com/ws/-/ws-8.11.0.tgz#6a0d36b8edfd9f96d8b25683db2f8d7de6e8e143"
  integrity sha512-HPG3wQd9sNQoT9xHyNCXoDUa+Xw/VevmY9FoHyQ+g+rrMn4j6FB4np7Z0OhdTgjx6MgQLK7jwSy1YecU1+4Asg==

xmlhttprequest-ssl@~2.0.0:
  version "2.0.0"
  resolved "https://registry.yarnpkg.com/xmlhttprequest-ssl/-/xmlhttprequest-ssl-2.0.0.tgz#91360c86b914e67f44dce769180027c0da618c67"
  integrity sha512-QKxVRxiRACQcVuQEYFsI1hhkrMlrXHPegbbd1yn9UHOmRxY+si12nQYzri3vbzt8VdTTRviqcKxcyllFas5z2A==
