# THIS IS AN AUTOGENERATED FILE. DO NOT EDIT THIS FILE DIRECTLY.
# yarn lockfile v1


"@headlessui/vue@^1.7.14":
  version "1.7.19"
  resolved "https://registry.npmjs.org/@headlessui/vue/-/vue-1.7.19.tgz"
  integrity sha512-VFjKPybogux/5/QYGSq4zgG/x3RcxId15W8uguAJAjPBxelI23dwjOjTx/mIiMkM/Hd3rzFxcf2aIp56eEWRcA==
  dependencies:
    "@tanstack/vue-virtual" "^3.0.0-beta.60"

"@ionic/core@7.7.3":
  version "7.7.3"
  resolved "https://registry.npmjs.org/@ionic/core/-/core-7.7.3.tgz"
  integrity sha512-DSv6DPuiLU2MXsgDAXKFJW5OXxT7EyPy2jcQf03RcWooWeFryy979mqotPw7BgUuWt/fVGuz2tl3peAJGSqmDQ==
  dependencies:
    "@stencil/core" "^4.12.2"
    ionicons "^7.2.2"
    tslib "^2.1.0"

"@ionic/vue-router@^7.7.3":
  version "7.7.3"
  resolved "https://registry.npmjs.org/@ionic/vue-router/-/vue-router-7.7.3.tgz"
  integrity sha512-0P2pDnwpHOVyCrn2IkH2kuU7vJF0vebLTG7P7mt55+sXVQzqcU3bywTTAI3IKxrLVUqvPBcQvg8LwqEmacK5bA==
  dependencies:
    "@ionic/vue" "7.7.3"

"@ionic/vue@7.7.3":
  version "7.7.3"
  resolved "https://registry.npmjs.org/@ionic/vue/-/vue-7.7.3.tgz"
  integrity sha512-5j21jj4QldoJ6qtTvhEcSoYCvTB/VlVvFx3UnNrlobmmZkryciPHP1j5evzSiuX3aKILkeJmB2yq1OBoHdvoUA==
  dependencies:
    "@ionic/core" "7.7.3"
    ionicons "^7.0.0"

"@popperjs/core@^2.11.2", "@popperjs/core@^2.9.0":
  version "2.11.8"
  resolved "https://registry.npmjs.org/@popperjs/core/-/core-2.11.8.tgz"
  integrity sha512-P1st0aksCrn9sGZhp8GMYwBnQsbvAWsZAX44oXNNvLHGqAOcoVxmjZiohstwQ7SqKnbR47akdNi+uleWD8+g6A==

"@remirror/core-constants@^2.0.2":
  version "2.0.2"
  resolved "https://registry.npmjs.org/@remirror/core-constants/-/core-constants-2.0.2.tgz"
  integrity sha512-dyHY+sMF0ihPus3O27ODd4+agdHMEmuRdyiZJ2CCWjPV5UFmn17ZbElvk6WOGVE4rdCJKZQCrPV2BcikOMLUGQ==

"@remirror/core-helpers@^3.0.0":
  version "3.0.0"
  resolved "https://registry.npmjs.org/@remirror/core-helpers/-/core-helpers-3.0.0.tgz"
  integrity sha512-tusEgQJIqg4qKj6HSBUFcyRnWnziw3neh4T9wOmsPGHFC3w9kl5KSrDb9UAgE8uX6y32FnS7vJ955mWOl3n50A==
  dependencies:
    "@remirror/core-constants" "^2.0.2"
    "@remirror/types" "^1.0.1"
    "@types/object.omit" "^3.0.0"
    "@types/object.pick" "^1.3.2"
    "@types/throttle-debounce" "^2.1.0"
    case-anything "^2.1.13"
    dash-get "^1.0.2"
    deepmerge "^4.3.1"
    fast-deep-equal "^3.1.3"
    make-error "^1.3.6"
    object.omit "^3.0.0"
    object.pick "^1.3.0"
    throttle-debounce "^3.0.1"

"@remirror/types@^1.0.1":
  version "1.0.1"
  resolved "https://registry.npmjs.org/@remirror/types/-/types-1.0.1.tgz"
  integrity sha512-VlZQxwGnt1jtQ18D6JqdIF+uFZo525WEqrfp9BOc3COPpK4+AWCgdnAWL+ho6imWcoINlGjR/+3b6y5C1vBVEA==
  dependencies:
    type-fest "^2.19.0"

"@socket.io/component-emitter@~3.1.0":
  version "3.1.0"
  resolved "https://registry.npmjs.org/@socket.io/component-emitter/-/component-emitter-3.1.0.tgz"
  integrity sha512-+9jVqKhRSpsc591z5vX+X5Yyw+he/HCB4iQ/RYxw35CEPaY1gnsNE43nf9n9AaYjAQrTiI/mOwKUKdUs9vf7Xg==

"@stencil/core@^4.0.3", "@stencil/core@^4.12.2":
  version "4.12.4"
  resolved "https://registry.npmjs.org/@stencil/core/-/core-4.12.4.tgz"
  integrity sha512-KrwoXu9J1loWSvQQReilGPkt6/dCH/x5eTBDecCBPclz7vxUM13Iw9almBIffEpurk/kaMAglH0G7sAF/A2y1A==

"@tailwindcss/forms@^0.5.3":
  version "0.5.7"
  resolved "https://registry.npmjs.org/@tailwindcss/forms/-/forms-0.5.7.tgz"
  integrity sha512-QE7X69iQI+ZXwldE+rzasvbJiyV/ju1FGHH0Qn2W3FKbuYtqp8LKcy6iSw79fVUT5/Vvf+0XgLCeYVG+UV6hOw==
  dependencies:
    mini-svg-data-uri "^1.2.3"

"@tailwindcss/typography@^0.5.0":
  version "0.5.10"
  resolved "https://registry.npmjs.org/@tailwindcss/typography/-/typography-0.5.10.tgz"
  integrity sha512-Pe8BuPJQJd3FfRnm6H0ulKIGoMEQS+Vq01R6M5aCrFB/ccR/shT+0kXLjouGC1gFLm9hopTFN+DMP0pfwRWzPw==
  dependencies:
    lodash.castarray "^4.4.0"
    lodash.isplainobject "^4.0.6"
    lodash.merge "^4.6.2"
    postcss-selector-parser "6.0.10"

"@tanstack/virtual-core@3.1.2":
  version "3.1.2"
  resolved "https://registry.npmjs.org/@tanstack/virtual-core/-/virtual-core-3.1.2.tgz"
  integrity sha512-DATZJs8iejkIUqXZe6ruDAnjFo78BKnIIgqQZrc7CmEFqfLEN/TPD91n4hRfo6hpRB6xC00bwKxv7vdjFNEmOg==

"@tanstack/vue-virtual@^3.0.0-beta.60":
  version "3.1.2"
  resolved "https://registry.npmjs.org/@tanstack/vue-virtual/-/vue-virtual-3.1.2.tgz"
  integrity sha512-RmUnhsFtRw9p4Ti/+rG2Hr3y4yFhs8Xdsn7x9tkPoKINbVya/5RSCoNUCCAg2iXNjOI5a55iBNzNV0SVwxMwKA==
  dependencies:
    "@tanstack/virtual-core" "3.1.2"

"@tiptap/core@^2.2.3":
  version "2.2.3"
  resolved "https://registry.npmjs.org/@tiptap/core/-/core-2.2.3.tgz"
  integrity sha512-0l3p1/cuaQk8XFf+Ft/ExbUjReGes5Iep7y4nuL/Fzi2S92DZzozY6cosXBHC/Xsqzn6zIkl/gnQTgmTvlmhCQ==

"@tiptap/extension-blockquote@^2.2.3":
  version "2.2.3"
  resolved "https://registry.npmjs.org/@tiptap/extension-blockquote/-/extension-blockquote-2.2.3.tgz"
  integrity sha512-gN23d/ADhTOB0YIM4lR0VrVczdyaXpmIVYYWZ45tQEVJzFWRSIScE9m9NaVqtqwEMpYHyTHxLth0OQutZ91sog==

"@tiptap/extension-bold@^2.2.3":
  version "2.2.3"
  resolved "https://registry.npmjs.org/@tiptap/extension-bold/-/extension-bold-2.2.3.tgz"
  integrity sha512-bHeFkRY5+Nf2DKupstV8EIVn359tw/9MFwDEDoF9F+Sn/vjuS35vm0OqjXYg/Ya9CQvwl/2oym/fKv5kO+Q6og==

"@tiptap/extension-bubble-menu@^2.2.3":
  version "2.2.3"
  resolved "https://registry.npmjs.org/@tiptap/extension-bubble-menu/-/extension-bubble-menu-2.2.3.tgz"
  integrity sha512-6ybColxLznGilzOY/yk3KcpV4JQy+QDDW6Za6zWV6OEs9D8I8VUeMAS77isMMc1dffvHfmgZpVZm/lsva8UuCw==
  dependencies:
    tippy.js "^6.3.7"

"@tiptap/extension-bullet-list@^2.2.3":
  version "2.2.3"
  resolved "https://registry.npmjs.org/@tiptap/extension-bullet-list/-/extension-bullet-list-2.2.3.tgz"
  integrity sha512-BpYg1pIfLE+2LTC90ts53deEWGSmAojhM/jJ84U19qfbfXt/7/KHrZJ4SAMxJSW3pLpy0bIq2XuOuvppOYVR5g==

"@tiptap/extension-code-block@^2.2.3":
  version "2.2.3"
  resolved "https://registry.npmjs.org/@tiptap/extension-code-block/-/extension-code-block-2.2.3.tgz"
  integrity sha512-1xFM2Aj/JEWAT1PWjQ/7hEVmo1Av6JHxTANxMIjXUcmrMJkXDA+BQ7yItlwrrHxY0SJdxBbR/WWFn4dWIxd7iA==

"@tiptap/extension-code@^2.2.3":
  version "2.2.3"
  resolved "https://registry.npmjs.org/@tiptap/extension-code/-/extension-code-2.2.3.tgz"
  integrity sha512-ZMp3CrbAV+PVOnPbGmruvlxFENLc+J/Fos8Y4mWvS1nDbrGuu19OKgKimwdzfDBpZVFVnHpEUnDTMBDzDe0hkg==

"@tiptap/extension-color@^2.0.3":
  version "2.2.3"
  resolved "https://registry.npmjs.org/@tiptap/extension-color/-/extension-color-2.2.3.tgz"
  integrity sha512-d9CNqXkv6jWfb7gFxmuRw8+fgh90mbZJIWwLROrUEZj87rZbRggDh24KViR3W++Ha+G4WruoRrMlVsl62SFAVw==

"@tiptap/extension-document@^2.2.3":
  version "2.2.3"
  resolved "https://registry.npmjs.org/@tiptap/extension-document/-/extension-document-2.2.3.tgz"
  integrity sha512-60Egd9yKb5SzpQlstQAP2A/2a/Qr+A+TblMRKZugrT+NENUhAj6Tx1HxWlblqGu2MsS1iXvQLZ6BQO1jHkL2IQ==

"@tiptap/extension-dropcursor@^2.2.3":
  version "2.2.3"
  resolved "https://registry.npmjs.org/@tiptap/extension-dropcursor/-/extension-dropcursor-2.2.3.tgz"
  integrity sha512-SFvxgVX8/l3H+fV1q6dwmVEwlHuGbaKp1pkQb16/cDiWke/AWOBFTGOIVDfulLI5IiRIL7u3uc+Fy7BXrGDqQw==

"@tiptap/extension-floating-menu@^2.2.3":
  version "2.2.3"
  resolved "https://registry.npmjs.org/@tiptap/extension-floating-menu/-/extension-floating-menu-2.2.3.tgz"
  integrity sha512-ZeQGmIFNImhu/zzn//Xzupwa82j2vIwiMoviX2zd+2DutoFnm4qRIAU6qpjzV+ZOSHAq3aBMGnYwEAY6vl4f3g==
  dependencies:
    tippy.js "^6.3.7"

"@tiptap/extension-gapcursor@^2.2.3":
  version "2.2.3"
  resolved "https://registry.npmjs.org/@tiptap/extension-gapcursor/-/extension-gapcursor-2.2.3.tgz"
  integrity sha512-zPVpxembkuOQL/eJ5oAjvZ9Tyv480OpViKrNtOsQh+0nZctmWKnfDntMoWBZiSeW1vsGjkeFIckdeEAQ1KbIxA==

"@tiptap/extension-hard-break@^2.2.3":
  version "2.2.3"
  resolved "https://registry.npmjs.org/@tiptap/extension-hard-break/-/extension-hard-break-2.2.3.tgz"
  integrity sha512-P7sP4WBEaQyiiFAswy9lKvaUWUAUwnfTSN3svTAgx0fpU3/ZeVWg+SDi5ve474Ym2oz2eRAr09mNTdWEUsL32Q==

"@tiptap/extension-heading@^2.2.3":
  version "2.2.3"
  resolved "https://registry.npmjs.org/@tiptap/extension-heading/-/extension-heading-2.2.3.tgz"
  integrity sha512-7atctuvtwPqIAdnBPOhAMsJZd41UPnWN3CktzgzfsfEoplq/86QR1hGIE4JXVB2wAZDmbnKP9Fe8PCNr7Q8JCQ==

"@tiptap/extension-highlight@^2.0.3":
  version "2.2.3"
  resolved "https://registry.npmjs.org/@tiptap/extension-highlight/-/extension-highlight-2.2.3.tgz"
  integrity sha512-3K9WbrR2WCYq7a/2JSQi5K2zzG/5ebNfTOXyDcT3kn5B5PutyWuDCzqjkPxGXmkf8yEZTQ9Sn2lQPRMG3sNwFw==

"@tiptap/extension-history@^2.2.3":
  version "2.2.3"
  resolved "https://registry.npmjs.org/@tiptap/extension-history/-/extension-history-2.2.3.tgz"
  integrity sha512-S1TUfLtrasyv4zFNlBL302uYaR4wxqR/T36a4d71c0ozr0PsdVc6/f9lfH4aYw4PmS3fzDwJj0PAJ9bb+qDbPw==

"@tiptap/extension-horizontal-rule@^2.2.3":
  version "2.2.3"
  resolved "https://registry.npmjs.org/@tiptap/extension-horizontal-rule/-/extension-horizontal-rule-2.2.3.tgz"
  integrity sha512-pc0J0hBcvj9ymJkFau1W/3L+OhB1PQzMjsx4ZWJvxURL8U7zdDqvYvJjfCA0i5Qw2ZuSVXFACGbEVr6NoCMRAw==

"@tiptap/extension-image@^2.0.3":
  version "2.2.3"
  resolved "https://registry.npmjs.org/@tiptap/extension-image/-/extension-image-2.2.3.tgz"
  integrity sha512-IkhISPZ++INAQ3RSwjtJkMIinRyY2g8bqfgyLrc6kXNtfxRGLYS+lizvnI5UUO6X4sRgg/FPfqctAz5bqQBGzA==

"@tiptap/extension-italic@^2.2.3":
  version "2.2.3"
  resolved "https://registry.npmjs.org/@tiptap/extension-italic/-/extension-italic-2.2.3.tgz"
  integrity sha512-SSsFuRnm4Y4Qnc6EuvmA4iarLCt/sg8qkqCKiNPjDUP5JR8HGESeoYVjQzprLHY8jusT9qoC26TP1Sin5vZmWQ==

"@tiptap/extension-link@^2.0.3":
  version "2.2.3"
  resolved "https://registry.npmjs.org/@tiptap/extension-link/-/extension-link-2.2.3.tgz"
  integrity sha512-AKKgkllpj0Po/hi2bVz719OMqyB1nBhKU/Q05yeWVirOYwF2ZwfM4iK2Iab7xWUVhvlyIG3lrWFQL8A30yuqwQ==
  dependencies:
    linkifyjs "^4.1.0"

"@tiptap/extension-list-item@^2.2.3":
  version "2.2.3"
  resolved "https://registry.npmjs.org/@tiptap/extension-list-item/-/extension-list-item-2.2.3.tgz"
  integrity sha512-eyfk4f1jOioj+mkIN2m6XQK61MpV0fi17utt8VNx893Td8kS0g7HHuuYMwyjIRtG35ENUaAt7c216JQwnLsrAw==

"@tiptap/extension-mention@^2.0.3":
  version "2.2.3"
  resolved "https://registry.npmjs.org/@tiptap/extension-mention/-/extension-mention-2.2.3.tgz"
  integrity sha512-HFSZcGLUJ/31aiOsc2CnkjS5EBg6EbU+SKLQZx7/pA4/ew4uSWOPI7a03mgGmNoRfR16est55OrauEuBj8hKrQ==

"@tiptap/extension-ordered-list@^2.2.3":
  version "2.2.3"
  resolved "https://registry.npmjs.org/@tiptap/extension-ordered-list/-/extension-ordered-list-2.2.3.tgz"
  integrity sha512-YIWpjkHAJN74tY185ZqatlG4+KbXQOdkJpc5cKWqO89gVWLi7+4xwdeeXbTEG64/LOOWS4Q6r1/EJmDy2FCbyA==

"@tiptap/extension-paragraph@^2.2.3":
  version "2.2.3"
  resolved "https://registry.npmjs.org/@tiptap/extension-paragraph/-/extension-paragraph-2.2.3.tgz"
  integrity sha512-4dP+Ecb2iEWW33ckFKjXRnSfEygaFUN19qzc7mUYD8e61ZA8caWL6//uL7DFIz4Q1rchyefbU52gCwTh2P42kQ==

"@tiptap/extension-placeholder@^2.0.3":
  version "2.2.3"
  resolved "https://registry.npmjs.org/@tiptap/extension-placeholder/-/extension-placeholder-2.2.3.tgz"
  integrity sha512-Kc+9a/uACY9XBT0uB/qFVpIHm8MzVr0uWA7MCjwDcMneANRLsXEBzWBzyHxRFoNRECfocivV9hQIhuO4i09c9A==

"@tiptap/extension-strike@^2.2.3":
  version "2.2.3"
  resolved "https://registry.npmjs.org/@tiptap/extension-strike/-/extension-strike-2.2.3.tgz"
  integrity sha512-3wwFk01ociZajRzD08hp4j/4isFUeD6BIkKPDnZeGD5HKPdTOaDciE3dJ3JaZZrRZPPdPV3yMt5hkBOapqEKzQ==

"@tiptap/extension-table-cell@^2.0.3":
  version "2.2.3"
  resolved "https://registry.npmjs.org/@tiptap/extension-table-cell/-/extension-table-cell-2.2.3.tgz"
  integrity sha512-VB+nOMtep9n3g6wU2ISZbBWzru2XIPiYVlyGkclmW3QzeFw3FC8JLY5HDDaSfuBgLL4/Ll17ol9WDkv62jlP/Q==

"@tiptap/extension-table-header@^2.0.3":
  version "2.2.3"
  resolved "https://registry.npmjs.org/@tiptap/extension-table-header/-/extension-table-header-2.2.3.tgz"
  integrity sha512-tuuGjfmwuSEHbSMqFMG7BsfgL89KUIvUecukesrs10GJXKh96LKPpFk7JeM0rXAOIDiR6DLF8gfhF1a+OlBpWQ==

"@tiptap/extension-table-row@^2.0.3":
  version "2.2.3"
  resolved "https://registry.npmjs.org/@tiptap/extension-table-row/-/extension-table-row-2.2.3.tgz"
  integrity sha512-PohdsPNciwD5fN7I0cthOK8204GbYTZVe2YX1S54dCwoTIlzbJiWiFBLlftP0kqveWLTJD4l1CO0tUku39eFEA==

"@tiptap/extension-table@^2.0.3":
  version "2.2.3"
  resolved "https://registry.npmjs.org/@tiptap/extension-table/-/extension-table-2.2.3.tgz"
  integrity sha512-k5LwCHribSms7e+oxdqB8S7V7F9VAn2HYncDQnnOm8+v09/JfqX1siWGGKaDeZGZ6BAKgOYx0hOf/RSWSTM8og==

"@tiptap/extension-text-align@^2.0.3":
  version "2.2.3"
  resolved "https://registry.npmjs.org/@tiptap/extension-text-align/-/extension-text-align-2.2.3.tgz"
  integrity sha512-Di/nNTlWsd9LW2NYUg80MkwDnDy9E8H2o2m8Vi/FgvCvDikDr/VD2+AD37SfJMxAjiPFqhJJMyci3vY2Yenv0g==

"@tiptap/extension-text-style@^2.0.3":
  version "2.2.3"
  resolved "https://registry.npmjs.org/@tiptap/extension-text-style/-/extension-text-style-2.2.3.tgz"
  integrity sha512-23OGAX0GFXY3CBlrsgqgWTw2G6RNPao4O8FV/Ryvo2ckSI58ITOgXQtt6pejk424RAFVolHUKob36VGfC7RRGw==

"@tiptap/extension-text@^2.2.3":
  version "2.2.3"
  resolved "https://registry.npmjs.org/@tiptap/extension-text/-/extension-text-2.2.3.tgz"
  integrity sha512-BrWGCkmuzVcsNy7dSCfJyVwedPzeNz6BR/OUNzM8Mqt2KSxfoIRy7cg16HvFB4YW+ijrM9XUqDIFvqYI0TY+Jg==

"@tiptap/extension-typography@^2.0.3":
  version "2.2.3"
  resolved "https://registry.npmjs.org/@tiptap/extension-typography/-/extension-typography-2.2.3.tgz"
  integrity sha512-PCxb5lJkx/OguqgnrrhKdM8ayeH2EKrcCbbCMTScLEYSVKs0nkTt7p+PwugsZW5hxeuwhIOKgLSPHE4tSYol9w==

"@tiptap/pm@^2.0.3":
  version "2.2.3"
  resolved "https://registry.npmjs.org/@tiptap/pm/-/pm-2.2.3.tgz"
  integrity sha512-jYZX+0fjN+a1J8qY72Poz1LK6X6oHVQkJIq6qzcx3rm0voYZNVRzP2GIfzstncZiEqRXABHY3mWfOi2I4K9tQA==
  dependencies:
    prosemirror-changeset "^2.2.1"
    prosemirror-collab "^1.3.1"
    prosemirror-commands "^1.5.2"
    prosemirror-dropcursor "^1.8.1"
    prosemirror-gapcursor "^1.3.2"
    prosemirror-history "^1.3.2"
    prosemirror-inputrules "^1.3.0"
    prosemirror-keymap "^1.2.2"
    prosemirror-markdown "^1.12.0"
    prosemirror-menu "^1.2.4"
    prosemirror-model "^1.19.4"
    prosemirror-schema-basic "^1.2.2"
    prosemirror-schema-list "^1.3.0"
    prosemirror-state "^1.4.3"
    prosemirror-tables "^1.3.5"
    prosemirror-trailing-node "^2.0.7"
    prosemirror-transform "^1.8.0"
    prosemirror-view "^1.32.7"

"@tiptap/starter-kit@^2.0.3":
  version "2.2.3"
  resolved "https://registry.npmjs.org/@tiptap/starter-kit/-/starter-kit-2.2.3.tgz"
  integrity sha512-Jx+QXz0SE1y+j498TqYEJcjbIV9YSMwcuIJQ04q8KqHuSmZrq9B22Qa4d0fpcM7uL7dLI4AcRrcqaOuIahCJYQ==
  dependencies:
    "@tiptap/core" "^2.2.3"
    "@tiptap/extension-blockquote" "^2.2.3"
    "@tiptap/extension-bold" "^2.2.3"
    "@tiptap/extension-bullet-list" "^2.2.3"
    "@tiptap/extension-code" "^2.2.3"
    "@tiptap/extension-code-block" "^2.2.3"
    "@tiptap/extension-document" "^2.2.3"
    "@tiptap/extension-dropcursor" "^2.2.3"
    "@tiptap/extension-gapcursor" "^2.2.3"
    "@tiptap/extension-hard-break" "^2.2.3"
    "@tiptap/extension-heading" "^2.2.3"
    "@tiptap/extension-history" "^2.2.3"
    "@tiptap/extension-horizontal-rule" "^2.2.3"
    "@tiptap/extension-italic" "^2.2.3"
    "@tiptap/extension-list-item" "^2.2.3"
    "@tiptap/extension-ordered-list" "^2.2.3"
    "@tiptap/extension-paragraph" "^2.2.3"
    "@tiptap/extension-strike" "^2.2.3"
    "@tiptap/extension-text" "^2.2.3"

"@tiptap/suggestion@^2.0.3":
  version "2.2.3"
  resolved "https://registry.npmjs.org/@tiptap/suggestion/-/suggestion-2.2.3.tgz"
  integrity sha512-pMInbk8+rYNaCz4oT/uS498mxSGIJXU32mkXv7wdDqMT2nnZQ2AHtJDUtMuB1RX+DS4ll9vdzrKqQHSW5t2ybQ==

"@tiptap/vue-3@^2.0.3":
  version "2.2.3"
  resolved "https://registry.npmjs.org/@tiptap/vue-3/-/vue-3-2.2.3.tgz"
  integrity sha512-TC+pncpxP6GHgM+qvX/1mfT+Xl3OlEekZqjetNJC/MfFM55OL5dIEu5kVjOiRsGQ/TWgwBGPrRYEE0Y1D6FuBA==
  dependencies:
    "@tiptap/extension-bubble-menu" "^2.2.3"
    "@tiptap/extension-floating-menu" "^2.2.3"

"@types/object.omit@^3.0.0":
  version "3.0.3"
  resolved "https://registry.npmjs.org/@types/object.omit/-/object.omit-3.0.3.tgz"
  integrity sha512-xrq4bQTBGYY2cw+gV4PzoG2Lv3L0pjZ1uXStRRDQoATOYW1lCsFQHhQ+OkPhIcQoqLjAq7gYif7D14Qaa6Zbew==

"@types/object.pick@^1.3.2":
  version "1.3.4"
  resolved "https://registry.npmjs.org/@types/object.pick/-/object.pick-1.3.4.tgz"
  integrity sha512-5PjwB0uP2XDp3nt5u5NJAG2DORHIRClPzWT/TTZhJ2Ekwe8M5bA9tvPdi9NO/n2uvu2/ictat8kgqvLfcIE1SA==

"@types/throttle-debounce@^2.1.0":
  version "2.1.0"
  resolved "https://registry.npmjs.org/@types/throttle-debounce/-/throttle-debounce-2.1.0.tgz"
  integrity sha512-5eQEtSCoESnh2FsiLTxE121IiE60hnMqcb435fShf4bpLRjEu1Eoekht23y6zXS9Ts3l+Szu3TARnTsA0GkOkQ==

"@types/web-bluetooth@^0.0.20":
  version "0.0.20"
  resolved "https://registry.npmjs.org/@types/web-bluetooth/-/web-bluetooth-0.0.20.tgz"
  integrity sha512-g9gZnnXVq7gM7v3tJCWV/qw7w+KeOlSHAhgF9RytFyifW6AF61hdT2ucrYhPq9hLs5JIryeupHV3qGk95dH9ow==

"@vueuse/core@^10.4.1":
  version "10.8.0"
  resolved "https://registry.npmjs.org/@vueuse/core/-/core-10.8.0.tgz"
  integrity sha512-G9Ok9fjx10TkNIPn8V1dJmK1NcdJCtYmDRyYiTMUyJ1p0Tywc1zmOoCQ2xhHYyz8ULBU4KjIJQ9n+Lrty74iVw==
  dependencies:
    "@types/web-bluetooth" "^0.0.20"
    "@vueuse/metadata" "10.8.0"
    "@vueuse/shared" "10.8.0"
    vue-demi ">=0.14.7"

"@vueuse/metadata@10.8.0":
  version "10.8.0"
  resolved "https://registry.npmjs.org/@vueuse/metadata/-/metadata-10.8.0.tgz"
  integrity sha512-Nim/Vle5OgXcXhAvGOgkJQXB1Yb+Kq/fMbLuv3YYDYbiQrwr39ljuD4k9fPeq4yUyokYRo2RaNQmbbIMWB/9+w==

"@vueuse/shared@10.8.0":
  version "10.8.0"
  resolved "https://registry.npmjs.org/@vueuse/shared/-/shared-10.8.0.tgz"
  integrity sha512-dUdy6zwHhULGxmr9YUg8e+EnB39gcM4Fe2oKBSrh3cOsV30JcMPtsyuspgFCUo5xxFNaeMf/W2yyKfST7Bg8oQ==
  dependencies:
    vue-demi ">=0.14.7"

argparse@^2.0.1:
  version "2.0.1"
  resolved "https://registry.npmjs.org/argparse/-/argparse-2.0.1.tgz"
  integrity sha512-8+9WqebbFzpX9OR+Wa6O29asIogeRMzcGtAINdpMHHyAg10f05aSFVBbcEqGf/PXw1EjAZ+q2/bEBg3DvurK3Q==

case-anything@^2.1.13:
  version "2.1.13"
  resolved "https://registry.npmjs.org/case-anything/-/case-anything-2.1.13.tgz"
  integrity sha512-zlOQ80VrQ2Ue+ymH5OuM/DlDq64mEm+B9UTdHULv5osUMD6HalNTblf2b1u/m6QecjsnOkBpqVZ+XPwIVsy7Ng==

classnames@^2.2.5, classnames@^2.5.1:
  version "2.5.1"
  resolved "https://registry.npmjs.org/classnames/-/classnames-2.5.1.tgz"
  integrity sha512-saHYOzhIQs6wy2sVxTM6bUDsQO4F50V9RQ22qBpEdCW+I+/Wmke2HOl6lS6dTpdxVhb88/I6+Hs+438c3lfUow==

commander@^9.0.0, commander@^9.5.0:
  version "9.5.0"
  resolved "https://registry.npmjs.org/commander/-/commander-9.5.0.tgz"
  integrity sha512-KRs7WVDKg86PWiuAqhDrAQnTXZKraVcCc6vFdL14qrZ/DcWwuRo7VoiYXalXO7S5GKpqYiVEwCbgFDfxNHKJBQ==

core-js@^3.1.3, core-js@^3.36.0:
  version "3.36.0"
  resolved "https://registry.npmjs.org/core-js/-/core-js-3.36.0.tgz"
  integrity sha512-mt7+TUBbTFg5+GngsAxeKBTl5/VS0guFeJacYge9OmHb+m058UwwIm41SE9T4Den7ClatV57B6TYTuJ0CX1MAw==

crelt@^1.0.0, crelt@^1.0.6:
  version "1.0.6"
  resolved "https://registry.npmjs.org/crelt/-/crelt-1.0.6.tgz"
  integrity sha512-VQ2MBenTq1fWZUH9DJNGti7kKv6EeAuYr3cLwxUWhIu1baTaXh4Ib5W2CqHVqib4/MqbYGJqiL3Zb8GJZr3l4g==

cssesc@^3.0.0:
  version "3.0.0"
  resolved "https://registry.npmjs.org/cssesc/-/cssesc-3.0.0.tgz"
  integrity sha512-/Tb/JcjK111nNScGob5MNtsntNM1aCNUDipB/TkwZFhyDrrE47SOx/18wF2bbjgc3ZzCSKW1T5nt5EbFoAz/Vg==

dash-get@^1.0.2:
  version "1.0.2"
  resolved "https://registry.npmjs.org/dash-get/-/dash-get-1.0.2.tgz"
  integrity sha512-4FbVrHDwfOASx7uQVxeiCTo7ggSdYZbqs8lH+WU6ViypPlDbe9y6IP5VVUDQBv9DcnyaiPT5XT0UWHgJ64zLeQ==

debug@^4.3.4, debug@~4.3.1, debug@~4.3.2:
  version "4.3.4"
  resolved "https://registry.npmjs.org/debug/-/debug-4.3.4.tgz"
  integrity sha512-PRWFHuSU3eDtQJPvnNY7Jcket1j0t5OuOsFzPPzsekD52Zl8qUfFIPEiswXqIvHWGVHOgX+7G/vCNNhehwxfkQ==
  dependencies:
    ms "2.1.2"

deepmerge@^4.3.1:
  version "4.3.1"
  resolved "https://registry.npmjs.org/deepmerge/-/deepmerge-4.3.1.tgz"
  integrity sha512-3sUqbMEc77XqpdNO7FRyRog+eW3ph+GYCbj+rK+uYyRMuwsVy0rMiVtPn+QJlKFvWP/1PYpapqYn0Me2knFn+A==

engine.io-client@^6.5.3, engine.io-client@~6.5.2:
  version "6.5.3"
  resolved "https://registry.npmjs.org/engine.io-client/-/engine.io-client-6.5.3.tgz"
  integrity sha512-9Z0qLB0NIisTRt1DZ/8U2k12RJn8yls/nXMZLn+/N8hANT3TcYjKFKcwbw5zFQiN4NTde3TSY9zb79e1ij6j9Q==
  dependencies:
    "@socket.io/component-emitter" "~3.1.0"
    debug "~4.3.1"
    engine.io-parser "~5.2.1"
    ws "~8.11.0"
    xmlhttprequest-ssl "~2.0.0"

engine.io-parser@^5.2.2, engine.io-parser@~5.2.1:
  version "5.2.2"
  resolved "https://registry.npmjs.org/engine.io-parser/-/engine.io-parser-5.2.2.tgz"
  integrity sha512-RcyUFKA93/CXH20l4SoVvzZfrSDMOTUS3bWVpTt2FuFP+XYrL8i8oonHP7WInRyVHXh0n/ORtoeiE1os+8qkSw==

entities@^4.4.0, entities@^4.5.0:
  version "4.5.0"
  resolved "https://registry.npmjs.org/entities/-/entities-4.5.0.tgz"
  integrity sha512-V0hjH4dGPh9Ao5p0MoRY6BVqtwCjhz6vI5LT8AJ55H+4g9/4vbHx1I54fS0XuclLhDHArPQCiMjDxjaL8fPxhw==

escape-string-regexp@^4.0.0:
  version "4.0.0"
  resolved "https://registry.npmjs.org/escape-string-regexp/-/escape-string-regexp-4.0.0.tgz"
  integrity sha512-TtpcNJ3XAzx3Gq8sWRzJaVajRs0uVxA2YAkdb1jm2YkPz4G6egUFAyA3n5vtEIZefPk5Wa4UXbKuS5fKkJWdgA==

fast-deep-equal@^3.1.3:
  version "3.1.3"
  resolved "https://registry.npmjs.org/fast-deep-equal/-/fast-deep-equal-3.1.3.tgz"
  integrity sha512-f3qQ9oQy9j2AhBe/H9VC91wLmKBCCU/gDOnKNAYG5hswO7BLKj09Hc5HYNz9cGI++xlpDCIgDaitVs03ATR84Q==

feather-icons@^4.28.0, feather-icons@^4.29.1:
  version "4.29.1"
  resolved "https://registry.npmjs.org/feather-icons/-/feather-icons-4.29.1.tgz"
  integrity sha512-P1we61haGTds6lKWe6CCVPsNULb8tHr1y6S9gXEpU+lNR1Ja7GdV0A1l2hTNmzXv+0Stix/3YMWMAn7n1Qtd6A==
  dependencies:
    classnames "^2.2.5"
    core-js "^3.1.3"

frappe-ui@^0.1.31:
  version "0.1.31"
  resolved "https://registry.npmjs.org/frappe-ui/-/frappe-ui-0.1.31.tgz"
  integrity sha512-XvDCVcW0lVE0BfW7oosMF5vlRf0cwqltsjaJTU9PvlVq2W0UCP+IDSy30MSkzpJts0YY7BnKLGwq+hqiRIAbbA==
  dependencies:
    "@headlessui/vue" "^1.7.14"
    "@popperjs/core" "^2.11.2"
    "@tailwindcss/forms" "^0.5.3"
    "@tailwindcss/typography" "^0.5.0"
    "@tiptap/extension-color" "^2.0.3"
    "@tiptap/extension-highlight" "^2.0.3"
    "@tiptap/extension-image" "^2.0.3"
    "@tiptap/extension-link" "^2.0.3"
    "@tiptap/extension-mention" "^2.0.3"
    "@tiptap/extension-placeholder" "^2.0.3"
    "@tiptap/extension-table" "^2.0.3"
    "@tiptap/extension-table-cell" "^2.0.3"
    "@tiptap/extension-table-header" "^2.0.3"
    "@tiptap/extension-table-row" "^2.0.3"
    "@tiptap/extension-text-align" "^2.0.3"
    "@tiptap/extension-text-style" "^2.0.3"
    "@tiptap/extension-typography" "^2.0.3"
    "@tiptap/pm" "^2.0.3"
    "@tiptap/starter-kit" "^2.0.3"
    "@tiptap/suggestion" "^2.0.3"
    "@tiptap/vue-3" "^2.0.3"
    "@vueuse/core" "^10.4.1"
    feather-icons "^4.28.0"
    idb-keyval "^6.2.0"
    showdown "^2.1.0"
    socket.io-client "^4.5.1"
    tippy.js "^6.3.7"

idb-keyval@^6.2.0, idb-keyval@^6.2.1:
  version "6.2.1"
  resolved "https://registry.npmjs.org/idb-keyval/-/idb-keyval-6.2.1.tgz"
  integrity sha512-8Sb3veuYCyrZL+VBt9LJfZjLUPWVvqn8tG28VqYNFCo43KHcKuq+b4EiXGeuaLAQWL2YmyDgMp2aSpH9JHsEQg==

ionicons@^7.0.0, ionicons@^7.2.2:
  version "7.2.2"
  resolved "https://registry.npmjs.org/ionicons/-/ionicons-7.2.2.tgz"
  integrity sha512-I3iYIfc9Q9FRifWyFSwTAvbEABWlWY32i0sAVDDPGYnaIZVugkLCZFbEcrphW6ixVPg8tt1oLwalo/JJwbEqnA==
  dependencies:
    "@stencil/core" "^4.0.3"

is-extendable@^1.0.0, is-extendable@^1.0.1:
  version "1.0.1"
  resolved "https://registry.npmjs.org/is-extendable/-/is-extendable-1.0.1.tgz"
  integrity sha512-arnXMxT1hhoKo9k1LZdmlNyJdDDfy2v0fXjFlmok4+i8ul/6WlbVge9bhM74OpNPQPMGUToDtz+KXa1PneJxOA==
  dependencies:
    is-plain-object "^2.0.4"

is-plain-object@^2.0.4:
  version "2.0.4"
  resolved "https://registry.npmjs.org/is-plain-object/-/is-plain-object-2.0.4.tgz"
  integrity sha512-h5PpgXkWitc38BBMYawTYMWJHFZJVnBquFE57xFpjB8pJFiF6gZ+bU+WyI/yqXiFR5mdLsgYNaPe8uao6Uv9Og==
  dependencies:
    isobject "^3.0.1"

isobject@^3.0.1:
  version "3.0.1"
  resolved "https://registry.npmjs.org/isobject/-/isobject-3.0.1.tgz"
  integrity sha512-WhB9zCku7EGTj/HQQRz5aUQEUeoQZH2bWcltRErOpymJ4boYE6wL9Tbr23krRPSZ+C5zqNSrSw+Cc7sZZ4b7vg==

linkify-it@^5.0.0:
  version "5.0.0"
  resolved "https://registry.npmjs.org/linkify-it/-/linkify-it-5.0.0.tgz"
  integrity sha512-5aHCbzQRADcdP+ATqnDuhhJ/MRIqDkZX5pyjFHRRysS8vZ5AbqGEoFIb6pYHPZ+L/OC2Lc+xT8uHVVR5CAK/wQ==
  dependencies:
    uc.micro "^2.0.0"

linkifyjs@^4.1.0, linkifyjs@^4.1.3:
  version "4.1.3"
  resolved "https://registry.npmjs.org/linkifyjs/-/linkifyjs-4.1.3.tgz"
  integrity sha512-auMesunaJ8yfkHvK4gfg1K0SaKX/6Wn9g2Aac/NwX+l5VdmFZzo/hdPGxEOETj+ryRa4/fiOPjeeKURSAJx1sg==

lodash.castarray@^4.4.0:
  version "4.4.0"
  resolved "https://registry.npmjs.org/lodash.castarray/-/lodash.castarray-4.4.0.tgz"
  integrity sha512-aVx8ztPv7/2ULbArGJ2Y42bG1mEQ5mGjpdvrbJcJFU3TbYybe+QlLS4pst9zV52ymy2in1KpFPiZnAOATxD4+Q==

lodash.isplainobject@^4.0.6:
  version "4.0.6"
  resolved "https://registry.npmjs.org/lodash.isplainobject/-/lodash.isplainobject-4.0.6.tgz"
  integrity sha512-oSXzaWypCMHkPC3NvBEaPHf0KsA5mvPrOPgQWDsbg8n7orZ290M0BmC/jgRZ4vcJ6DTAhjrsSYgdsW/F+MFOBA==

lodash.merge@^4.6.2:
  version "4.6.2"
  resolved "https://registry.npmjs.org/lodash.merge/-/lodash.merge-4.6.2.tgz"
  integrity sha512-0KpjqXRVvrYyCsX1swR/XTK0va6VQkQM6MNo7PqW77ByjAhoARA8EfrP1N4+KlKj8YS0ZUCtRT/YUuhyYDujIQ==

make-error@^1.3.6:
  version "1.3.6"
  resolved "https://registry.npmjs.org/make-error/-/make-error-1.3.6.tgz"
  integrity sha512-s8UhlNe7vPKomQhC1qFelMokr/Sc3AgNbso3n74mVPA5LTZwkB9NlXf4XPamLxJE8h0gh73rM94xvwRT2CVInw==

markdown-it@^14.0.0:
  version "14.0.0"
  resolved "https://registry.npmjs.org/markdown-it/-/markdown-it-14.0.0.tgz"
  integrity sha512-seFjF0FIcPt4P9U39Bq1JYblX0KZCjDLFFQPHpL5AzHpqPEKtosxmdq/LTVZnjfH7tjt9BxStm+wXcDBNuYmzw==
  dependencies:
    argparse "^2.0.1"
    entities "^4.4.0"
    linkify-it "^5.0.0"
    mdurl "^2.0.0"
    punycode.js "^2.3.1"
    uc.micro "^2.0.0"

mdurl@^2.0.0:
  version "2.0.0"
  resolved "https://registry.npmjs.org/mdurl/-/mdurl-2.0.0.tgz"
  integrity sha512-Lf+9+2r+Tdp5wXDXC4PcIBjTDtq4UKjCPMQhKIuzpJNW0b96kVqSwW0bT7FhRSfmAiFYgP+SCRvdrDozfh0U5w==

mini-svg-data-uri@^1.2.3, mini-svg-data-uri@^1.4.4:
  version "1.4.4"
  resolved "https://registry.npmjs.org/mini-svg-data-uri/-/mini-svg-data-uri-1.4.4.tgz"
  integrity sha512-r9deDe9p5FJUPZAk3A59wGH7Ii9YrjjWw0jmw/liSbHl2CHiyXj6FcDXDu2K3TjVAXqiJdaw3xxwlZZr9E6nHg==

ms@2.1.2, ms@^2.1.2:
  version "2.1.2"
  resolved "https://registry.npmjs.org/ms/-/ms-2.1.2.tgz"
  integrity sha512-sGkPx+VjMtmA6MX27oA4FBFELFCZZ4S4XqeGOXCv68tT+jb3vk/RyaKWP0PTKyWtmLSM0b+adUTEvbs1PEaH2w==

object.omit@^3.0.0:
  version "3.0.0"
  resolved "https://registry.npmjs.org/object.omit/-/object.omit-3.0.0.tgz"
  integrity sha512-EO+BCv6LJfu+gBIF3ggLicFebFLN5zqzz/WWJlMFfkMyGth+oBkhxzDl0wx2W4GkLzuQs/FsSkXZb2IMWQqmBQ==
  dependencies:
    is-extendable "^1.0.0"

object.pick@^1.3.0:
  version "1.3.0"
  resolved "https://registry.npmjs.org/object.pick/-/object.pick-1.3.0.tgz"
  integrity sha512-tqa/UMy/CCoYmj+H5qc07qvSL9dqcs/WZENZ1JbtWBlATP+iVOe778gE6MSijnyCnORzDuX6hU+LA4SZ09YjFQ==
  dependencies:
    isobject "^3.0.1"

orderedmap@^2.0.0, orderedmap@^2.1.1:
  version "2.1.1"
  resolved "https://registry.npmjs.org/orderedmap/-/orderedmap-2.1.1.tgz"
  integrity sha512-TvAWxi0nDe1j/rtMcWcIj94+Ffe6n7zhow33h40SKxmsmozs6dz/e+EajymfoFcHd7sxNn8yHM8839uixMOV6g==

postcss-selector-parser@6.0.10, postcss-selector-parser@^6.0.10:
  version "6.0.10"
  resolved "https://registry.npmjs.org/postcss-selector-parser/-/postcss-selector-parser-6.0.10.tgz"
  integrity sha512-IQ7TZdoaqbT+LCpShg46jnZVlhWD2w6iQYAcYXfHARZ7X1t/UGhhceQDs5X0cGqKvYlHNOuv7Oa1xmb0oQuA3w==
  dependencies:
    cssesc "^3.0.0"
    util-deprecate "^1.0.2"

prosemirror-changeset@^2.2.1:
  version "2.2.1"
  resolved "https://registry.npmjs.org/prosemirror-changeset/-/prosemirror-changeset-2.2.1.tgz"
  integrity sha512-J7msc6wbxB4ekDFj+n9gTW/jav/p53kdlivvuppHsrZXCaQdVgRghoZbSS3kwrRyAstRVQ4/+u5k7YfLgkkQvQ==
  dependencies:
    prosemirror-transform "^1.0.0"

prosemirror-collab@^1.3.1:
  version "1.3.1"
  resolved "https://registry.npmjs.org/prosemirror-collab/-/prosemirror-collab-1.3.1.tgz"
  integrity sha512-4SnynYR9TTYaQVXd/ieUvsVV4PDMBzrq2xPUWutHivDuOshZXqQ5rGbZM84HEaXKbLdItse7weMGOUdDVcLKEQ==
  dependencies:
    prosemirror-state "^1.0.0"

prosemirror-commands@^1.0.0, prosemirror-commands@^1.5.2:
  version "1.5.2"
  resolved "https://registry.npmjs.org/prosemirror-commands/-/prosemirror-commands-1.5.2.tgz"
  integrity sha512-hgLcPaakxH8tu6YvVAaILV2tXYsW3rAdDR8WNkeKGcgeMVQg3/TMhPdVoh7iAmfgVjZGtcOSjKiQaoeKjzd2mQ==
  dependencies:
    prosemirror-model "^1.0.0"
    prosemirror-state "^1.0.0"
    prosemirror-transform "^1.0.0"

prosemirror-dropcursor@^1.8.1:
  version "1.8.1"
  resolved "https://registry.npmjs.org/prosemirror-dropcursor/-/prosemirror-dropcursor-1.8.1.tgz"
  integrity sha512-M30WJdJZLyXHi3N8vxN6Zh5O8ZBbQCz0gURTfPmTIBNQ5pxrdU7A58QkNqfa98YEjSAL1HUyyU34f6Pm5xBSGw==
  dependencies:
    prosemirror-state "^1.0.0"
    prosemirror-transform "^1.1.0"
    prosemirror-view "^1.1.0"

prosemirror-gapcursor@^1.3.2:
  version "1.3.2"
  resolved "https://registry.npmjs.org/prosemirror-gapcursor/-/prosemirror-gapcursor-1.3.2.tgz"
  integrity sha512-wtjswVBd2vaQRrnYZaBCbyDqr232Ed4p2QPtRIUK5FuqHYKGWkEwl08oQM4Tw7DOR0FsasARV5uJFvMZWxdNxQ==
  dependencies:
    prosemirror-keymap "^1.0.0"
    prosemirror-model "^1.0.0"
    prosemirror-state "^1.0.0"
    prosemirror-view "^1.0.0"

prosemirror-history@^1.0.0, prosemirror-history@^1.3.2:
  version "1.3.2"
  resolved "https://registry.npmjs.org/prosemirror-history/-/prosemirror-history-1.3.2.tgz"
  integrity sha512-/zm0XoU/N/+u7i5zepjmZAEnpvjDtzoPWW6VmKptcAnPadN/SStsBjMImdCEbb3seiNTpveziPTIrXQbHLtU1g==
  dependencies:
    prosemirror-state "^1.2.2"
    prosemirror-transform "^1.0.0"
    prosemirror-view "^1.31.0"
    rope-sequence "^1.3.0"

prosemirror-inputrules@^1.3.0, prosemirror-inputrules@^1.4.0:
  version "1.4.0"
  resolved "https://registry.npmjs.org/prosemirror-inputrules/-/prosemirror-inputrules-1.4.0.tgz"
  integrity sha512-6ygpPRuTJ2lcOXs9JkefieMst63wVJBgHZGl5QOytN7oSZs3Co/BYbc3Yx9zm9H37Bxw8kVzCnDsihsVsL4yEg==
  dependencies:
    prosemirror-state "^1.0.0"
    prosemirror-transform "^1.0.0"

prosemirror-keymap@^1.0.0, prosemirror-keymap@^1.1.2, prosemirror-keymap@^1.2.2:
  version "1.2.2"
  resolved "https://registry.npmjs.org/prosemirror-keymap/-/prosemirror-keymap-1.2.2.tgz"
  integrity sha512-EAlXoksqC6Vbocqc0GtzCruZEzYgrn+iiGnNjsJsH4mrnIGex4qbLdWWNza3AW5W36ZRrlBID0eM6bdKH4OStQ==
  dependencies:
    prosemirror-state "^1.0.0"
    w3c-keyname "^2.2.0"

prosemirror-markdown@^1.12.0:
  version "1.12.0"
  resolved "https://registry.npmjs.org/prosemirror-markdown/-/prosemirror-markdown-1.12.0.tgz"
  integrity sha512-6F5HS8Z0HDYiS2VQDZzfZP6A0s/I0gbkJy8NCzzDMtcsz3qrfqyroMMeoSjAmOhDITyon11NbXSzztfKi+frSQ==
  dependencies:
    markdown-it "^14.0.0"
    prosemirror-model "^1.0.0"

prosemirror-menu@^1.2.4:
  version "1.2.4"
  resolved "https://registry.npmjs.org/prosemirror-menu/-/prosemirror-menu-1.2.4.tgz"
  integrity sha512-S/bXlc0ODQup6aiBbWVsX/eM+xJgCTAfMq/nLqaO5ID/am4wS0tTCIkzwytmao7ypEtjj39i7YbJjAgO20mIqA==
  dependencies:
    crelt "^1.0.0"
    prosemirror-commands "^1.0.0"
    prosemirror-history "^1.0.0"
    prosemirror-state "^1.0.0"

prosemirror-model@^1.0.0, prosemirror-model@^1.16.0, prosemirror-model@^1.19.0, prosemirror-model@^1.19.4, prosemirror-model@^1.8.1:
  version "1.19.4"
  resolved "https://registry.npmjs.org/prosemirror-model/-/prosemirror-model-1.19.4.tgz"
  integrity sha512-RPmVXxUfOhyFdayHawjuZCxiROsm9L4FCUA6pWI+l7n2yCBsWy9VpdE1hpDHUS8Vad661YLY9AzqfjLhAKQ4iQ==
  dependencies:
    orderedmap "^2.0.0"

prosemirror-schema-basic@^1.2.2:
  version "1.2.2"
  resolved "https://registry.npmjs.org/prosemirror-schema-basic/-/prosemirror-schema-basic-1.2.2.tgz"
  integrity sha512-/dT4JFEGyO7QnNTe9UaKUhjDXbTNkiWTq/N4VpKaF79bBjSExVV2NXmJpcM7z/gD7mbqNjxbmWW5nf1iNSSGnw==
  dependencies:
    prosemirror-model "^1.19.0"

prosemirror-schema-list@^1.3.0:
  version "1.3.0"
  resolved "https://registry.npmjs.org/prosemirror-schema-list/-/prosemirror-schema-list-1.3.0.tgz"
  integrity sha512-Hz/7gM4skaaYfRPNgr421CU4GSwotmEwBVvJh5ltGiffUJwm7C8GfN/Bc6DR1EKEp5pDKhODmdXXyi9uIsZl5A==
  dependencies:
    prosemirror-model "^1.0.0"
    prosemirror-state "^1.0.0"
    prosemirror-transform "^1.7.3"

prosemirror-state@^1.0.0, prosemirror-state@^1.2.2, prosemirror-state@^1.3.1, prosemirror-state@^1.4.3:
  version "1.4.3"
  resolved "https://registry.npmjs.org/prosemirror-state/-/prosemirror-state-1.4.3.tgz"
  integrity sha512-goFKORVbvPuAQaXhpbemJFRKJ2aixr+AZMGiquiqKxaucC6hlpHNZHWgz5R7dS4roHiwq9vDctE//CZ++o0W1Q==
  dependencies:
    prosemirror-model "^1.0.0"
    prosemirror-transform "^1.0.0"
    prosemirror-view "^1.27.0"

prosemirror-tables@^1.3.5:
  version "1.3.5"
  resolved "https://registry.npmjs.org/prosemirror-tables/-/prosemirror-tables-1.3.5.tgz"
  integrity sha512-JSZ2cCNlApu/ObAhdPyotrjBe2cimniniTpz60YXzbL0kZ+47nEYk2LWbfKU2lKpBkUNquta2PjteoNi4YCluQ==
  dependencies:
    prosemirror-keymap "^1.1.2"
    prosemirror-model "^1.8.1"
    prosemirror-state "^1.3.1"
    prosemirror-transform "^1.2.1"
    prosemirror-view "^1.13.3"

prosemirror-trailing-node@^2.0.7:
  version "2.0.7"
  resolved "https://registry.npmjs.org/prosemirror-trailing-node/-/prosemirror-trailing-node-2.0.7.tgz"
  integrity sha512-8zcZORYj/8WEwsGo6yVCRXFMOfBo0Ub3hCUvmoWIZYfMP26WqENU0mpEP27w7mt8buZWuGrydBewr0tOArPb1Q==
  dependencies:
    "@remirror/core-constants" "^2.0.2"
    "@remirror/core-helpers" "^3.0.0"
    escape-string-regexp "^4.0.0"

prosemirror-transform@^1.0.0, prosemirror-transform@^1.1.0, prosemirror-transform@^1.2.1, prosemirror-transform@^1.7.3, prosemirror-transform@^1.8.0:
  version "1.8.0"
  resolved "https://registry.npmjs.org/prosemirror-transform/-/prosemirror-transform-1.8.0.tgz"
  integrity sha512-BaSBsIMv52F1BVVMvOmp1yzD3u65uC3HTzCBQV1WDPqJRQ2LuHKcyfn0jwqodo8sR9vVzMzZyI+Dal5W9E6a9A==
  dependencies:
    prosemirror-model "^1.0.0"

prosemirror-view@^1.0.0, prosemirror-view@^1.1.0, prosemirror-view@^1.13.3, prosemirror-view@^1.27.0, prosemirror-view@^1.31.0, prosemirror-view@^1.32.7, prosemirror-view@^1.33.1:
  version "1.33.1"
  resolved "https://registry.npmjs.org/prosemirror-view/-/prosemirror-view-1.33.1.tgz"
  integrity sha512-62qkYgSJIkwIMMCpuGuPzc52DiK1Iod6TWoIMxP4ja6BTD4yO8kCUL64PZ/WhH/dJ9fW0CDO39FhH1EMyhUFEg==
  dependencies:
    prosemirror-model "^1.16.0"
    prosemirror-state "^1.0.0"
    prosemirror-transform "^1.1.0"

punycode.js@^2.3.1:
  version "2.3.1"
  resolved "https://registry.npmjs.org/punycode.js/-/punycode.js-2.3.1.tgz"
  integrity sha512-uxFIHU0YlHYhDQtV4R9J6a52SLx28BCjT+4ieh7IGbgwVJWO+km431c4yRlREUAsAmt/uMjQUyQHNEPf0M39CA==

rope-sequence@^1.3.0, rope-sequence@^1.3.4:
  version "1.3.4"
  resolved "https://registry.npmjs.org/rope-sequence/-/rope-sequence-1.3.4.tgz"
  integrity sha512-UT5EDe2cu2E/6O4igUr5PSFs23nvvukicWHx6GnOPlHAiiYbzNuCRQCuiUdHJQcqKalLKlrYJnjY0ySGsXNQXQ==

showdown@^2.1.0:
  version "2.1.0"
  resolved "https://registry.npmjs.org/showdown/-/showdown-2.1.0.tgz"
  integrity sha512-/6NVYu4U819R2pUIk79n67SYgJHWCce0a5xTP979WbNp0FL9MN1I1QK662IDU1b6JzKTvmhgI7T7JYIxBi3kMQ==
  dependencies:
    commander "^9.0.0"

socket.io-client@^4.5.1, socket.io-client@^4.7.4:
  version "4.7.4"
  resolved "https://registry.npmjs.org/socket.io-client/-/socket.io-client-4.7.4.tgz"
  integrity sha512-wh+OkeF0rAVCrABWQBaEjLfb7DVPotMbu0cgWgyR0v6eA4EoVnAwcIeIbcdTE3GT/H3kbdLl7OoH2+asoDRIIg==
  dependencies:
    "@socket.io/component-emitter" "~3.1.0"
    debug "~4.3.2"
    engine.io-client "~6.5.2"
    socket.io-parser "~4.2.4"

socket.io-parser@^4.2.4, socket.io-parser@~4.2.4:
  version "4.2.4"
  resolved "https://registry.npmjs.org/socket.io-parser/-/socket.io-parser-4.2.4.tgz"
  integrity sha512-/GbIKmo8ioc+NIWIhwdecY0ge+qVBSMdgxGygevmdHj24bsfgtCmcUUcQ5ZzcylGFHsN3k4HB4Cgkl96KVnuew==
  dependencies:
    "@socket.io/component-emitter" "~3.1.0"
    debug "~4.3.1"

throttle-debounce@^3.0.1:
  version "3.0.1"
  resolved "https://registry.npmjs.org/throttle-debounce/-/throttle-debounce-3.0.1.tgz"
  integrity sha512-dTEWWNu6JmeVXY0ZYoPuH5cRIwc0MeGbJwah9KUNYSJwommQpCzTySTpEe8Gs1J23aeWEuAobe4Ag7EHVt/LOg==

tippy.js@^6.3.7:
  version "6.3.7"
  resolved "https://registry.npmjs.org/tippy.js/-/tippy.js-6.3.7.tgz"
  integrity sha512-E1d3oP2emgJ9dRQZdf3Kkn0qJgI6ZLpyS5z6ZkY1DF3kaQaBsGZsndEpHwx+eC+tYM41HaSNvNtLx8tU57FzTQ==
  dependencies:
    "@popperjs/core" "^2.9.0"

tslib@^2.1.0:
  version "2.6.2"
  resolved "https://registry.npmjs.org/tslib/-/tslib-2.6.2.tgz"
  integrity sha512-AEYxH93jGFPn/a2iVAwW87VuUIkR1FVUKB77NwMF7nBTDkDrrT/Hpt/IrCJ0QXhW27jTBDcf5ZY7w6RiqTMw2Q==

type-fest@^2.19.0:
  version "2.19.0"
  resolved "https://registry.npmjs.org/type-fest/-/type-fest-2.19.0.tgz"
  integrity sha512-RAH822pAdBgcNMAfWnCBU3CFZcfZ/i1eZjwFU/dsLKumyuuP3niueg2UAukXYF0E2AAoc82ZSSf9J0WQBinzHA==

uc.micro@^2.0.0:
  version "2.0.0"
  resolved "https://registry.npmjs.org/uc.micro/-/uc.micro-2.0.0.tgz"
  integrity sha512-DffL94LsNOccVn4hyfRe5rdKa273swqeA5DJpMOeFmEn1wCDc7nAbbB0gXlgBCL7TNzeTv6G7XVWzan7iJtfig==

util-deprecate@^1.0.2:
  version "1.0.2"
  resolved "https://registry.npmjs.org/util-deprecate/-/util-deprecate-1.0.2.tgz"
  integrity sha512-EPD5q1uXyFxJpCrLnCc1nHnq3gOa6DZBocAIiI2TaSCA7VCJ1UJDMagCzIkXNsUYfD1daK//LTEQ8xiIbrHtcw==

vue-demi@>=0.14.7, vue-demi@^0.14.7:
  version "0.14.7"
  resolved "https://registry.npmjs.org/vue-demi/-/vue-demi-0.14.7.tgz"
  integrity sha512-EOG8KXDQNwkJILkx/gPcoL/7vH+hORoBaKgGe+6W7VFMvCYJfmF2dGbvgDroVnI8LU7/kTu8mbjRZGBU1z9NTA==

w3c-keyname@^2.2.0, w3c-keyname@^2.2.8:
  version "2.2.8"
  resolved "https://registry.npmjs.org/w3c-keyname/-/w3c-keyname-2.2.8.tgz"
  integrity sha512-dpojBhNsCNN7T82Tm7k26A6G9ML3NkhDsnw9n/eoxSRlVBB4CEtIQ/KTCLI2Fwf3ataSXRhYFkQi3SlnFwPvPQ==

ws@^8.11.0, ws@~8.11.0:
  version "8.11.0"
  resolved "https://registry.npmjs.org/ws/-/ws-8.11.0.tgz"
  integrity sha512-HPG3wQd9sNQoT9xHyNCXoDUa+Xw/VevmY9FoHyQ+g+rrMn4j6FB4np7Z0OhdTgjx6MgQLK7jwSy1YecU1+4Asg==

xmlhttprequest-ssl@^2.0.0, xmlhttprequest-ssl@~2.0.0:
  version "2.0.0"
  resolved "https://registry.npmjs.org/xmlhttprequest-ssl/-/xmlhttprequest-ssl-2.0.0.tgz"
  integrity sha512-QKxVRxiRACQcVuQEYFsI1hhkrMlrXHPegbbd1yn9UHOmRxY+si12nQYzri3vbzt8VdTTRviqcKxcyllFas5z2A==
